// !$*UTF8*$!
{
	archiveVersion = 1;
	classes = {
	};
	objectVersion = 46;
	objects = {

/* Begin PBXBuildFile section */
		6DB014E81CC4BC5F0063F5DA /* AppDelegate.swift in Sources */ = {isa = PBXBuildFile; fileRef = 6DB014E71CC4BC5F0063F5DA /* AppDelegate.swift */; };
		6DB014EA1CC4BC5F0063F5DA /* ViewController.swift in Sources */ = {isa = PBXBuildFile; fileRef = 6DB014E91CC4BC5F0063F5DA /* ViewController.swift */; };
		6DB014EC1CC4BC5F0063F5DA /* Assets.xcassets in Resources */ = {isa = PBXBuildFile; fileRef = 6DB014EB1CC4BC5F0063F5DA /* Assets.xcassets */; };
		6DB014EF1CC4BC5F0063F5DA /* Main.storyboard in Resources */ = {isa = PBXBuildFile; fileRef = 6DB014ED1CC4BC5F0063F5DA /* Main.storyboard */; };
		6DB014FA1CC4BC5F0063F5DA /* CES_testTests.swift in Sources */ = {isa = PBXBuildFile; fileRef = 6DB014F91CC4BC5F0063F5DA /* CES_testTests.swift */; };
		6DB015051CC4BC5F0063F5DA /* CES_testUITests.swift in Sources */ = {isa = PBXBuildFile; fileRef = 6DB015041CC4BC5F0063F5DA /* CES_testUITests.swift */; };
/* End PBXBuildFile section */

/* Begin PBXContainerItemProxy section */
		6DB014F61CC4BC5F0063F5DA /* PBXContainerItemProxy */ = {
			isa = PBXContainerItemProxy;
			containerPortal = 6DB014DC1CC4BC5F0063F5DA /* Project object */;
			proxyType = 1;
			remoteGlobalIDString = 6DB014E31CC4BC5F0063F5DA;
			remoteInfo = CES_test;
		};
		6DB015011CC4BC5F0063F5DA /* PBXContainerItemProxy */ = {
			isa = PBXContainerItemProxy;
			containerPortal = 6DB014DC1CC4BC5F0063F5DA /* Project object */;
			proxyType = 1;
			remoteGlobalIDString = 6DB014E31CC4BC5F0063F5DA;
			remoteInfo = CES_test;
		};
/* End PBXContainerItemProxy section */

/* Begin PBXFileReference section */
		6DB014E41CC4BC5F0063F5DA /* CES_test.app */ = {isa = PBXFileReference; explicitFileType = wrapper.application; includeInIndex = 0; path = CES_test.app; sourceTree = BUILT_PRODUCTS_DIR; };
		6DB014E71CC4BC5F0063F5DA /* AppDelegate.swift */ = {isa = PBXFileReference; lastKnownFileType = sourcecode.swift; path = AppDelegate.swift; sourceTree = "<group>"; };
		6DB014E91CC4BC5F0063F5DA /* ViewController.swift */ = {isa = PBXFileReference; lastKnownFileType = sourcecode.swift; path = ViewController.swift; sourceTree = "<group>"; };
		6DB014EB1CC4BC5F0063F5DA /* Assets.xcassets */ = {isa = PBXFileReference; lastKnownFileType = folder.assetcatalog; path = Assets.xcassets; sourceTree = "<group>"; };
		6DB014EE1CC4BC5F0063F5DA /* Base */ = {isa = PBXFileReference; lastKnownFileType = file.storyboard; name = Base; path = Base.lproj/Main.storyboard; sourceTree = "<group>"; };
		6DB014F01CC4BC5F0063F5DA /* Info.plist */ = {isa = PBXFileReference; lastKnownFileType = text.plist.xml; path = Info.plist; sourceTree = "<group>"; };
		6DB014F51CC4BC5F0063F5DA /* CES_testTests.xctest */ = {isa = PBXFileReference; explicitFileType = wrapper.cfbundle; includeInIndex = 0; path = CES_testTests.xctest; sourceTree = BUILT_PRODUCTS_DIR; };
		6DB014F91CC4BC5F0063F5DA /* CES_testTests.swift */ = {isa = PBXFileReference; lastKnownFileType = sourcecode.swift; path = CES_testTests.swift; sourceTree = "<group>"; };
		6DB014FB1CC4BC5F0063F5DA /* Info.plist */ = {isa = PBXFileReference; lastKnownFileType = text.plist.xml; path = Info.plist; sourceTree = "<group>"; };
		6DB015001CC4BC5F0063F5DA /* CES_testUITests.xctest */ = {isa = PBXFileReference; explicitFileType = wrapper.cfbundle; includeInIndex = 0; path = CES_testUITests.xctest; sourceTree = BUILT_PRODUCTS_DIR; };
		6DB015041CC4BC5F0063F5DA /* CES_testUITests.swift */ = {isa = PBXFileReference; lastKnownFileType = sourcecode.swift; path = CES_testUITests.swift; sourceTree = "<group>"; };
		6DB015061CC4BC5F0063F5DA /* Info.plist */ = {isa = PBXFileReference; lastKnownFileType = text.plist.xml; path = Info.plist; sourceTree = "<group>"; };
/* End PBXFileReference section */

/* Begin PBXFrameworksBuildPhase section */
		6DB014E11CC4BC5F0063F5DA /* Frameworks */ = {
			isa = PBXFrameworksBuildPhase;
			buildActionMask = 2147483647;
			files = (
			);
			runOnlyForDeploymentPostprocessing = 0;
		};
		6DB014F21CC4BC5F0063F5DA /* Frameworks */ = {
			isa = PBXFrameworksBuildPhase;
			buildActionMask = 2147483647;
			files = (
			);
			runOnlyForDeploymentPostprocessing = 0;
		};
		6DB014FD1CC4BC5F0063F5DA /* Frameworks */ = {
			isa = PBXFrameworksBuildPhase;
			buildActionMask = 2147483647;
			files = (
			);
			runOnlyForDeploymentPostprocessing = 0;
		};
/* End PBXFrameworksBuildPhase section */

/* Begin PBXGroup section */
		6DB014DB1CC4BC5F0063F5DA = {
			isa = PBXGroup;
			children = (
				6DB014E61CC4BC5F0063F5DA /* CES_test */,
				6DB014F81CC4BC5F0063F5DA /* CES_testTests */,
				6DB015031CC4BC5F0063F5DA /* CES_testUITests */,
				6DB014E51CC4BC5F0063F5DA /* Products */,
			);
			sourceTree = "<group>";
		};
		6DB014E51CC4BC5F0063F5DA /* Products */ = {
			isa = PBXGroup;
			children = (
				6DB014E41CC4BC5F0063F5DA /* CES_test.app */,
				6DB014F51CC4BC5F0063F5DA /* CES_testTests.xctest */,
				6DB015001CC4BC5F0063F5DA /* CES_testUITests.xctest */,
			);
			name = Products;
			sourceTree = "<group>";
		};
		6DB014E61CC4BC5F0063F5DA /* CES_test */ = {
			isa = PBXGroup;
			children = (
				6DB014E71CC4BC5F0063F5DA /* AppDelegate.swift */,
				6DB014E91CC4BC5F0063F5DA /* ViewController.swift */,
				6DB014EB1CC4BC5F0063F5DA /* Assets.xcassets */,
				6DB014ED1CC4BC5F0063F5DA /* Main.storyboard */,
				6DB014F01CC4BC5F0063F5DA /* Info.plist */,
			);
			path = CES_test;
			sourceTree = "<group>";
		};
		6DB014F81CC4BC5F0063F5DA /* CES_testTests */ = {
			isa = PBXGroup;
			children = (
				6DB014F91CC4BC5F0063F5DA /* CES_testTests.swift */,
				6DB014FB1CC4BC5F0063F5DA /* Info.plist */,
			);
			path = CES_testTests;
			sourceTree = "<group>";
		};
		6DB015031CC4BC5F0063F5DA /* CES_testUITests */ = {
			isa = PBXGroup;
			children = (
				6DB015041CC4BC5F0063F5DA /* CES_testUITests.swift */,
				6DB015061CC4BC5F0063F5DA /* Info.plist */,
			);
			path = CES_testUITests;
			sourceTree = "<group>";
		};
/* End PBXGroup section */

/* Begin PBXNativeTarget section */
		6DB014E31CC4BC5F0063F5DA /* CES_test */ = {
			isa = PBXNativeTarget;
			buildConfigurationList = 6DB015091CC4BC5F0063F5DA /* Build configuration list for PBXNativeTarget "CES_test" */;
			buildPhases = (
				6DB014E01CC4BC5F0063F5DA /* Sources */,
				6DB014E11CC4BC5F0063F5DA /* Frameworks */,
				6DB014E21CC4BC5F0063F5DA /* Resources */,
			);
			buildRules = (
			);
			dependencies = (
			);
			name = CES_test;
			productName = CES_test;
			productReference = 6DB014E41CC4BC5F0063F5DA /* CES_test.app */;
			productType = "com.apple.product-type.application";
		};
		6DB014F41CC4BC5F0063F5DA /* CES_testTests */ = {
			isa = PBXNativeTarget;
			buildConfigurationList = 6DB0150C1CC4BC5F0063F5DA /* Build configuration list for PBXNativeTarget "CES_testTests" */;
			buildPhases = (
				6DB014F11CC4BC5F0063F5DA /* Sources */,
				6DB014F21CC4BC5F0063F5DA /* Frameworks */,
				6DB014F31CC4BC5F0063F5DA /* Resources */,
			);
			buildRules = (
			);
			dependencies = (
				6DB014F71CC4BC5F0063F5DA /* PBXTargetDependency */,
			);
			name = CES_testTests;
			productName = CES_testTests;
			productReference = 6DB014F51CC4BC5F0063F5DA /* CES_testTests.xctest */;
			productType = "com.apple.product-type.bundle.unit-test";
		};
		6DB014FF1CC4BC5F0063F5DA /* CES_testUITests */ = {
			isa = PBXNativeTarget;
			buildConfigurationList = 6DB0150F1CC4BC5F0063F5DA /* Build configuration list for PBXNativeTarget "CES_testUITests" */;
			buildPhases = (
				6DB014FC1CC4BC5F0063F5DA /* Sources */,
				6DB014FD1CC4BC5F0063F5DA /* Frameworks */,
				6DB014FE1CC4BC5F0063F5DA /* Resources */,
			);
			buildRules = (
			);
			dependencies = (
				6DB015021CC4BC5F0063F5DA /* PBXTargetDependency */,
			);
			name = CES_testUITests;
			productName = CES_testUITests;
			productReference = 6DB015001CC4BC5F0063F5DA /* CES_testUITests.xctest */;
			productType = "com.apple.product-type.bundle.ui-testing";
		};
/* End PBXNativeTarget section */

/* Begin PBXProject section */
		6DB014DC1CC4BC5F0063F5DA /* Project object */ = {
			isa = PBXProject;
			attributes = {
				LastSwiftUpdateCheck = 0730;
				LastUpgradeCheck = 0730;
				ORGANIZATIONNAME = hidog;
				TargetAttributes = {
					6DB014E31CC4BC5F0063F5DA = {
						CreatedOnToolsVersion = 7.3;
					};
					6DB014F41CC4BC5F0063F5DA = {
						CreatedOnToolsVersion = 7.3;
						TestTargetID = 6DB014E31CC4BC5F0063F5DA;
					};
					6DB014FF1CC4BC5F0063F5DA = {
						CreatedOnToolsVersion = 7.3;
						TestTargetID = 6DB014E31CC4BC5F0063F5DA;
					};
				};
			};
			buildConfigurationList = 6DB014DF1CC4BC5F0063F5DA /* Build configuration list for PBXProject "CES_test" */;
			compatibilityVersion = "Xcode 3.2";
			developmentRegion = English;
			hasScannedForEncodings = 0;
			knownRegions = (
				en,
				Base,
			);
			mainGroup = 6DB014DB1CC4BC5F0063F5DA;
			productRefGroup = 6DB014E51CC4BC5F0063F5DA /* Products */;
			projectDirPath = "";
			projectRoot = "";
			targets = (
				6DB014E31CC4BC5F0063F5DA /* CES_test */,
				6DB014F41CC4BC5F0063F5DA /* CES_testTests */,
				6DB014FF1CC4BC5F0063F5DA /* CES_testUITests */,
			);
		};
/* End PBXProject section */

/* Begin PBXResourcesBuildPhase section */
		6DB014E21CC4BC5F0063F5DA /* Resources */ = {
			isa = PBXResourcesBuildPhase;
			buildActionMask = 2147483647;
			files = (
				6DB014EC1CC4BC5F0063F5DA /* Assets.xcassets in Resources */,
				6DB014EF1CC4BC5F0063F5DA /* Main.storyboard in Resources */,
			);
			runOnlyForDeploymentPostprocessing = 0;
		};
		6DB014F31CC4BC5F0063F5DA /* Resources */ = {
			isa = PBXResourcesBuildPhase;
			buildActionMask = 2147483647;
			files = (
			);
			runOnlyForDeploymentPostprocessing = 0;
		};
		6DB014FE1CC4BC5F0063F5DA /* Resources */ = {
			isa = PBXResourcesBuildPhase;
			buildActionMask = 2147483647;
			files = (
			);
			runOnlyForDeploymentPostprocessing = 0;
		};
/* End PBXResourcesBuildPhase section */

/* Begin PBXSourcesBuildPhase section */
		6DB014E01CC4BC5F0063F5DA /* Sources */ = {
			isa = PBXSourcesBuildPhase;
			buildActionMask = 2147483647;
			files = (
				6DB014EA1CC4BC5F0063F5DA /* ViewController.swift in Sources */,
				6DB014E81CC4BC5F0063F5DA /* AppDelegate.swift in Sources */,
			);
			runOnlyForDeploymentPostprocessing = 0;
		};
		6DB014F11CC4BC5F0063F5DA /* Sources */ = {
			isa = PBXSourcesBuildPhase;
			buildActionMask = 2147483647;
			files = (
				6DB014FA1CC4BC5F0063F5DA /* CES_testTests.swift in Sources */,
			);
			runOnlyForDeploymentPostprocessing = 0;
		};
		6DB014FC1CC4BC5F0063F5DA /* Sources */ = {
			isa = PBXSourcesBuildPhase;
			buildActionMask = 2147483647;
			files = (
				6DB015051CC4BC5F0063F5DA /* CES_testUITests.swift in Sources */,
			);
			runOnlyForDeploymentPostprocessing = 0;
		};
/* End PBXSourcesBuildPhase section */

/* Begin PBXTargetDependency section */
		6DB014F71CC4BC5F0063F5DA /* PBXTargetDependency */ = {
			isa = PBXTargetDependency;
			target = 6DB014E31CC4BC5F0063F5DA /* CES_test */;
			targetProxy = 6DB014F61CC4BC5F0063F5DA /* PBXContainerItemProxy */;
		};
		6DB015021CC4BC5F0063F5DA /* PBXTargetDependency */ = {
			isa = PBXTargetDependency;
			target = 6DB014E31CC4BC5F0063F5DA /* CES_test */;
			targetProxy = 6DB015011CC4BC5F0063F5DA /* PBXContainerItemProxy */;
		};
/* End PBXTargetDependency section */

/* Begin PBXVariantGroup section */
		6DB014ED1CC4BC5F0063F5DA /* Main.storyboard */ = {
			isa = PBXVariantGroup;
			children = (
				6DB014EE1CC4BC5F0063F5DA /* Base */,
			);
			name = Main.storyboard;
			sourceTree = "<group>";
		};
/* End PBXVariantGroup section */

/* Begin XCBuildConfiguration section */
		6DB015071CC4BC5F0063F5DA /* Debug */ = {
			isa = XCBuildConfiguration;
			buildSettings = {
				ALWAYS_SEARCH_USER_PATHS = NO;
				CLANG_ANALYZER_NONNULL = YES;
				CLANG_CXX_LANGUAGE_STANDARD = "gnu++0x";
				CLANG_CXX_LIBRARY = "libc++";
				CLANG_ENABLE_MODULES = YES;
				CLANG_ENABLE_OBJC_ARC = YES;
				CLANG_WARN_BOOL_CONVERSION = YES;
				CLANG_WARN_CONSTANT_CONVERSION = YES;
				CLANG_WARN_DIRECT_OBJC_ISA_USAGE = YES_ERROR;
				CLANG_WARN_EMPTY_BODY = YES;
				CLANG_WARN_ENUM_CONVERSION = YES;
				CLANG_WARN_INT_CONVERSION = YES;
				CLANG_WARN_OBJC_ROOT_CLASS = YES_ERROR;
				CLANG_WARN_UNREACHABLE_CODE = YES;
				CLANG_WARN__DUPLICATE_METHOD_MATCH = YES;
				CODE_SIGN_IDENTITY = "-";
				COPY_PHASE_STRIP = NO;
				DEBUG_INFORMATION_FORMAT = dwarf;
				ENABLE_STRICT_OBJC_MSGSEND = YES;
				ENABLE_TESTABILITY = YES;
				GCC_C_LANGUAGE_STANDARD = gnu99;
				GCC_DYNAMIC_NO_PIC = NO;
				GCC_NO_COMMON_BLOCKS = YES;
				GCC_OPTIMIZATION_LEVEL = 0;
				GCC_PREPROCESSOR_DEFINITIONS = (
					"DEBUG=1",
					"$(inherited)",
				);
				GCC_WARN_64_TO_32_BIT_CONVERSION = YES;
				GCC_WARN_ABOUT_RETURN_TYPE = YES_ERROR;
				GCC_WARN_UNDECLARED_SELECTOR = YES;
				GCC_WARN_UNINITIALIZED_AUTOS = YES_AGGRESSIVE;
				GCC_WARN_UNUSED_FUNCTION = YES;
				GCC_WARN_UNUSED_VARIABLE = YES;
				MACOSX_DEPLOYMENT_TARGET = 10.11;
				MTL_ENABLE_DEBUG_INFO = YES;
				ONLY_ACTIVE_ARCH = YES;
				SDKROOT = macosx;
				SWIFT_OPTIMIZATION_LEVEL = "-Onone";
			};
			name = Debug;
		};
		6DB015081CC4BC5F0063F5DA /* Release */ = {
			isa = XCBuildConfiguration;
			buildSettings = {
				ALWAYS_SEARCH_USER_PATHS = NO;
				CLANG_ANALYZER_NONNULL = YES;
				CLANG_CXX_LANGUAGE_STANDARD = "gnu++0x";
				CLANG_CXX_LIBRARY = "libc++";
				CLANG_ENABLE_MODULES = YES;
				CLANG_ENABLE_OBJC_ARC = YES;
				CLANG_WARN_BOOL_CONVERSION = YES;
				CLANG_WARN_CONSTANT_CONVERSION = YES;
				CLANG_WARN_DIRECT_OBJC_ISA_USAGE = YES_ERROR;
				CLANG_WARN_EMPTY_BODY = YES;
				CLANG_WARN_ENUM_CONVERSION = YES;
				CLANG_WARN_INT_CONVERSION = YES;
				CLANG_WARN_OBJC_ROOT_CLASS = YES_ERROR;
				CLANG_WARN_UNREACHABLE_CODE = YES;
				CLANG_WARN__DUPLICATE_METHOD_MATCH = YES;
				CODE_SIGN_IDENTITY = "-";
				COPY_PHASE_STRIP = NO;
				DEBUG_INFORMATION_FORMAT = "dwarf-with-dsym";
				ENABLE_NS_ASSERTIONS = NO;
				ENABLE_STRICT_OBJC_MSGSEND = YES;
				GCC_C_LANGUAGE_STANDARD = gnu99;
				GCC_NO_COMMON_BLOCKS = YES;
				GCC_WARN_64_TO_32_BIT_CONVERSION = YES;
				GCC_WARN_ABOUT_RETURN_TYPE = YES_ERROR;
				GCC_WARN_UNDECLARED_SELECTOR = YES;
				GCC_WARN_UNINITIALIZED_AUTOS = YES_AGGRESSIVE;
				GCC_WARN_UNUSED_FUNCTION = YES;
				GCC_WARN_UNUSED_VARIABLE = YES;
				MACOSX_DEPLOYMENT_TARGET = 10.11;
				MTL_ENABLE_DEBUG_INFO = NO;
				SDKROOT = macosx;
			};
			name = Release;
		};
		6DB0150A1CC4BC5F0063F5DA /* Debug */ = {
			isa = XCBuildConfiguration;
			buildSettings = {
				ASSETCATALOG_COMPILER_APPICON_NAME = AppIcon;
				COMBINE_HIDPI_IMAGES = YES;
				INFOPLIST_FILE = CES_test/Info.plist;
				LD_RUNPATH_SEARCH_PATHS = "$(inherited) @executable_path/../Frameworks";
				PRODUCT_BUNDLE_IDENTIFIER = "test.CES-test";
				PRODUCT_NAME = "$(TARGET_NAME)";
			};
			name = Debug;
		};
		6DB0150B1CC4BC5F0063F5DA /* Release */ = {
			isa = XCBuildConfiguration;
			buildSettings = {
				ASSETCATALOG_COMPILER_APPICON_NAME = AppIcon;
				COMBINE_HIDPI_IMAGES = YES;
				INFOPLIST_FILE = CES_test/Info.plist;
				LD_RUNPATH_SEARCH_PATHS = "$(inherited) @executable_path/../Frameworks";
				PRODUCT_BUNDLE_IDENTIFIER = "test.CES-test";
				PRODUCT_NAME = "$(TARGET_NAME)";
			};
			name = Release;
		};
		6DB0150D1CC4BC5F0063F5DA /* Debug */ = {
			isa = XCBuildConfiguration;
			buildSettings = {
				BUNDLE_LOADER = "$(TEST_HOST)";
				COMBINE_HIDPI_IMAGES = YES;
				INFOPLIST_FILE = CES_testTests/Info.plist;
				LD_RUNPATH_SEARCH_PATHS = "$(inherited) @executable_path/../Frameworks @loader_path/../Frameworks";
				PRODUCT_BUNDLE_IDENTIFIER = "test.CES-testTests";
				PRODUCT_NAME = "$(TARGET_NAME)";
				TEST_HOST = "$(BUILT_PRODUCTS_DIR)/CES_test.app/Contents/MacOS/CES_test";
			};
			name = Debug;
		};
		6DB0150E1CC4BC5F0063F5DA /* Release */ = {
			isa = XCBuildConfiguration;
			buildSettings = {
				BUNDLE_LOADER = "$(TEST_HOST)";
				COMBINE_HIDPI_IMAGES = YES;
				INFOPLIST_FILE = CES_testTests/Info.plist;
				LD_RUNPATH_SEARCH_PATHS = "$(inherited) @executable_path/../Frameworks @loader_path/../Frameworks";
				PRODUCT_BUNDLE_IDENTIFIER = "test.CES-testTests";
				PRODUCT_NAME = "$(TARGET_NAME)";
				TEST_HOST = "$(BUILT_PRODUCTS_DIR)/CES_test.app/Contents/MacOS/CES_test";
			};
			name = Release;
		};
		6DB015101CC4BC5F0063F5DA /* Debug */ = {
			isa = XCBuildConfiguration;
			buildSettings = {
				COMBINE_HIDPI_IMAGES = YES;
				INFOPLIST_FILE = CES_testUITests/Info.plist;
				LD_RUNPATH_SEARCH_PATHS = "$(inherited) @executable_path/../Frameworks @loader_path/../Frameworks";
				PRODUCT_BUNDLE_IDENTIFIER = "test.CES-testUITests";
				PRODUCT_NAME = "$(TARGET_NAME)";
				TEST_TARGET_NAME = CES_test;
			};
			name = Debug;
		};
		6DB015111CC4BC5F0063F5DA /* Release */ = {
			isa = XCBuildConfiguration;
			buildSettings = {
				COMBINE_HIDPI_IMAGES = YES;
				INFOPLIST_FILE = CES_testUITests/Info.plist;
				LD_RUNPATH_SEARCH_PATHS = "$(inherited) @executable_path/../Frameworks @loader_path/../Frameworks";
				PRODUCT_BUNDLE_IDENTIFIER = "test.CES-testUITests";
				PRODUCT_NAME = "$(TARGET_NAME)";
				TEST_TARGET_NAME = CES_test;
			};
			name = Release;
		};
/* End XCBuildConfiguration section */

/* Begin XCConfigurationList section */
		6DB014DF1CC4BC5F0063F5DA /* Build configuration list for PBXProject "CES_test" */ = {
			isa = XCConfigurationList;
			buildConfigurations = (
				6DB015071CC4BC5F0063F5DA /* Debug */,
				6DB015081CC4BC5F0063F5DA /* Release */,
			);
			defaultConfigurationIsVisible = 0;
			defaultConfigurationName = Release;
		};
		6DB015091CC4BC5F0063F5DA /* Build configuration list for PBXNativeTarget "CES_test" */ = {
			isa = XCConfigurationList;
			buildConfigurations = (
				6DB0150A1CC4BC5F0063F5DA /* Debug */,
				6DB0150B1CC4BC5F0063F5DA /* Release */,
			);
			defaultConfigurationIsVisible = 0;
		};
		6DB0150C1CC4BC5F0063F5DA /* Build configuration list for PBXNativeTarget "CES_testTests" */ = {
			isa = XCConfigurationList;
			buildConfigurations = (
				6DB0150D1CC4BC5F0063F5DA /* Debug */,
				6DB0150E1CC4BC5F0063F5DA /* Release */,
			);
			defaultConfigurationIsVisible = 0;
		};
		6DB0150F1CC4BC5F0063F5DA /* Build configuration list for PBXNativeTarget "CES_testUITests" */ = {
			isa = XCConfigurationList;
			buildConfigurations = (
				6DB015101CC4BC5F0063F5DA /* Debug */,
				6DB015111CC4BC5F0063F5DA /* Release */,
			);
			defaultConfigurationIsVisible = 0;
		};
/* End XCConfigurationList section */
	};
	rootObject = 6DB014DC1CC4BC5F0063F5DA /* Project object */;
}
