<?xml version="1.0" encoding="utf-8"?>
<Project ToolsVersion="4.0" xmlns="http://schemas.microsoft.com/developer/msbuild/2003">
  <ItemGroup>
    <Filter Include="原始程式檔">
      <UniqueIdentifier>{4FC737F1-C7A5-4376-A066-2A32D752A2FF}</UniqueIdentifier>
      <Extensions>cpp;c;cc;cxx;def;odl;idl;hpj;bat;asm;asmx</Extensions>
    </Filter>
    <Filter Include="標頭檔">
      <UniqueIdentifier>{93995380-89BD-4b04-88EB-625FBE52EBFB}</UniqueIdentifier>
      <Extensions>h;hpp;hxx;hm;inl;inc;xsd</Extensions>
    </Filter>
    <Filter Include="資源檔">
      <UniqueIdentifier>{67DA6AB6-F800-4c08-8B7A-83BB121AAD01}</UniqueIdentifier>
      <Extensions>rc;ico;cur;bmp;dlg;rc2;rct;bin;rgs;gif;jpg;jpeg;jpe;resx;tiff;tif;png;wav;mfcribbon-ms</Extensions>
    </Filter>
    <Filter Include="src">
      <UniqueIdentifier>{43456fe1-bda6-43ef-8b3c-ddf30a73bb4b}</UniqueIdentifier>
    </Filter>
    <Filter Include="qt">
      <UniqueIdentifier>{17fb0c9f-2c0c-4436-96e8-628418b36ee5}</UniqueIdentifier>
    </Filter>
    <Filter Include="src\client">
      <UniqueIdentifier>{633b9780-6094-4282-a3d0-9381351ee4c1}</UniqueIdentifier>
    </Filter>
    <Filter Include="src\server">
      <UniqueIdentifier>{3ae7c7a7-bb47-4dfa-b29e-f0a242f18686}</UniqueIdentifier>
    </Filter>
    <Filter Include="ui">
      <UniqueIdentifier>{d4cb24d6-f305-4910-91b8-b22d0995d717}</UniqueIdentifier>
    </Filter>
  </ItemGroup>
  <ItemGroup>
    <Text Include="readme.txt" />
  </ItemGroup>
  <ItemGroup>
    <ClCompile Include="..\qt\QRCodeGenerator.cpp">
      <Filter>qt</Filter>
    </ClCompile>
    <ClCompile Include="..\qt\Thread.cpp">
      <Filter>qt</Filter>
    </ClCompile>
    <ClCompile Include="..\qt\ThreadManager.cpp">
      <Filter>qt</Filter>
    </ClCompile>
    <ClCompile Include="..\src\CpuInformation.cpp">
      <Filter>src</Filter>
    </ClCompile>
    <ClCompile Include="..\src\DataManager.cpp">
      <Filter>src</Filter>
    </ClCompile>
    <ClCompile Include="..\src\NetBase.cpp">
      <Filter>src</Filter>
    </ClCompile>
    <ClCompile Include="..\src\TUTK_P2PTunnel.cpp">
      <Filter>src</Filter>
    </ClCompile>
    <ClCompile Include="..\src\client\HttpClient.cpp">
      <Filter>src\client</Filter>
    </ClCompile>
    <ClCompile Include="..\src\client\NetClientBase.cpp">
      <Filter>src\client</Filter>
    </ClCompile>
    <ClCompile Include="..\src\server\HttpServer.cpp">
      <Filter>src\server</Filter>
    </ClCompile>
    <ClCompile Include="..\src\server\NetServerBase.cpp">
      <Filter>src\server</Filter>
    </ClCompile>
    <ClCompile Include="..\src\server\SFtpServer.cpp">
      <Filter>src\server</Filter>
    </ClCompile>
    <ClCompile Include="..\src\main.cpp">
      <Filter>原始程式檔</Filter>
    </ClCompile>
    <ClCompile Include="..\qt\ClickedLabel.cpp">
      <Filter>qt</Filter>
    </ClCompile>
    <ClCompile Include="..\ui\status_widget.cpp">
      <Filter>ui</Filter>
    </ClCompile>
    <ClCompile Include="..\ui\title_bar.cpp">
      <Filter>ui</Filter>
    </ClCompile>
    <ClCompile Include="..\ui\setting_widget.cpp">
      <Filter>ui</Filter>
    </ClCompile>
    <ClCompile Include="..\ui\qrcode_widget.cpp">
      <Filter>ui</Filter>
    </ClCompile>
    <ClCompile Include="..\ui\device_rename_widget.cpp">
      <Filter>ui</Filter>
    </ClCompile>
    <ClCompile Include="..\ui\deviceinfo_frame.cpp">
      <Filter>ui</Filter>
    </ClCompile>
    <ClCompile Include="..\src\server\mmap_windows.cpp">
      <Filter>src\server</Filter>
    </ClCompile>
    <ClCompile Include="..\src\server\AsyncHttpServer.cpp">
      <Filter>src\server</Filter>
    </ClCompile>
    <ClCompile Include="..\src\server\AsyncHttpServer_priv.cpp">
      <Filter>src\server</Filter>
    </ClCompile>
    <ClCompile Include="..\src\NetWorkSpeed.cpp">
      <Filter>src</Filter>
    </ClCompile>
    <ClCompile Include="..\ui\mainwindow.cpp">
      <Filter>ui</Filter>
    </ClCompile>
    <ClCompile Include="..\src\UncordObject.cpp">
      <Filter>src</Filter>
    </ClCompile>
    <ClCompile Include="..\src\UncordBase.cpp">
      <Filter>src</Filter>
    </ClCompile>
    <ClCompile Include="..\src\server\HttpServer_priv.cpp">
      <Filter>src\server</Filter>
    </ClCompile>
  </ItemGroup>
  <ItemGroup>
    <ClInclude Include="..\qt\QRCodeGenerator.h">
      <Filter>qt</Filter>
    </ClInclude>
    <ClInclude Include="..\qt\Thread.h">
      <Filter>qt</Filter>
    </ClInclude>
    <ClInclude Include="..\qt\ThreadManager.h">
      <Filter>qt</Filter>
    </ClInclude>
    <ClInclude Include="..\src\common.h">
      <Filter>src</Filter>
    </ClInclude>
    <ClInclude Include="..\src\CpuInformation.h">
      <Filter>src</Filter>
    </ClInclude>
    <ClInclude Include="..\src\DataManager.h">
      <Filter>src</Filter>
    </ClInclude>
    <ClInclude Include="..\src\mime_type.hpp">
      <Filter>src</Filter>
    </ClInclude>
    <ClInclude Include="..\src\NetBase.h">
      <Filter>src</Filter>
    </ClInclude>
    <ClInclude Include="..\src\TUTK_P2PTunnel.h">
      <Filter>src</Filter>
    </ClInclude>
    <ClInclude Include="..\src\client\HttpClient.h">
      <Filter>src\client</Filter>
    </ClInclude>
    <ClInclude Include="..\src\client\NetClientBase.h">
      <Filter>src\client</Filter>
    </ClInclude>
    <ClInclude Include="..\src\server\HttpServer.h">
      <Filter>src\server</Filter>
    </ClInclude>
    <ClInclude Include="..\src\server\NetServerBase.h">
      <Filter>src\server</Filter>
    </ClInclude>
    <ClInclude Include="..\src\server\SFtpServer.h">
      <Filter>src\server</Filter>
    </ClInclude>
    <ClInclude Include="..\qt\ClickedLabel.h">
      <Filter>qt</Filter>
    </ClInclude>
    <ClInclude Include="..\ui\setting_widget.h">
      <Filter>ui</Filter>
    </ClInclude>
    <ClInclude Include="..\ui\status_widget.h">
      <Filter>ui</Filter>
    </ClInclude>
    <ClInclude Include="..\ui\title_bar.h">
      <Filter>ui</Filter>
    </ClInclude>
    <ClInclude Include="..\ui\qrcode_widget.h">
      <Filter>ui</Filter>
    </ClInclude>
    <ClInclude Include="..\ui\device_rename_widget.h">
      <Filter>ui</Filter>
    </ClInclude>
    <ClInclude Include="..\ui\deviceinfo_frame.h">
      <Filter>ui</Filter>
    </ClInclude>
    <ClInclude Include="..\src\server\AsyncHttpServer.h">
      <Filter>src\server</Filter>
    </ClInclude>
    <ClInclude Include="..\src\server\mmap_windows.h">
      <Filter>src\server</Filter>
    </ClInclude>
    <ClInclude Include="..\src\server\HttpServer_priv.h">
      <Filter>src\server</Filter>
    </ClInclude>
    <ClInclude Include="..\src\server\AsyncHttpServer_priv.h">
      <Filter>src\server</Filter>
    </ClInclude>
    <ClInclude Include="..\src\NetWorkSpeed.h">
      <Filter>src</Filter>
    </ClInclude>
    <ClInclude Include="..\ui\mainwindow.h">
      <Filter>ui</Filter>
    </ClInclude>
    <ClInclude Include="..\src\UncordBase.h">
      <Filter>src</Filter>
    </ClInclude>
    <ClInclude Include="..\src\UncordObject.h">
      <Filter>src</Filter>
    </ClInclude>
  </ItemGroup>
  <ItemGroup>
    <None Include="..\client.pro" />
  </ItemGroup>
</Project>