// !$*UTF8*$!
{
	archiveVersion = 1;
	classes = {
	};
	objectVersion = 46;
	objects = {

/* Begin PBXBuildFile section */
		6D524B521CC8703B007F6F5A /* AppDelegate.m in Sources */ = {isa = PBXBuildFile; fileRef = 6D524B511CC8703B007F6F5A /* AppDelegate.m */; };
		6D524B551CC8703B007F6F5A /* main.m in Sources */ = {isa = PBXBuildFile; fileRef = 6D524B541CC8703B007F6F5A /* main.m */; };
		6D524B571CC8703B007F6F5A /* Assets.xcassets in Resources */ = {isa = PBXBuildFile; fileRef = 6D524B561CC8703B007F6F5A /* Assets.xcassets */; };
		6D524B5A1CC8703B007F6F5A /* MainMenu.xib in Resources */ = {isa = PBXBuildFile; fileRef = 6D524B581CC8703B007F6F5A /* MainMenu.xib */; };
/* End PBXBuildFile section */

/* Begin PBXFileReference section */
		6D524B4D1CC8703B007F6F5A /* CEF_test.app */ = {isa = PBXFileReference; explicitFileType = wrapper.application; includeInIndex = 0; path = CEF_test.app; sourceTree = BUILT_PRODUCTS_DIR; };
		6D524B501CC8703B007F6F5A /* AppDelegate.h */ = {isa = PBXFileReference; lastKnownFileType = sourcecode.c.h; path = AppDelegate.h; sourceTree = "<group>"; };
		6D524B511CC8703B007F6F5A /* AppDelegate.m */ = {isa = PBXFileReference; lastKnownFileType = sourcecode.c.objc; path = AppDelegate.m; sourceTree = "<group>"; };
		6D524B541CC8703B007F6F5A /* main.m */ = {isa = PBXFileReference; lastKnownFileType = sourcecode.c.objc; path = main.m; sourceTree = "<group>"; };
		6D524B561CC8703B007F6F5A /* Assets.xcassets */ = {isa = PBXFileReference; lastKnownFileType = folder.assetcatalog; path = Assets.xcassets; sourceTree = "<group>"; };
		6D524B591CC8703B007F6F5A /* Base */ = {isa = PBXFileReference; lastKnownFileType = file.xib; name = Base; path = Base.lproj/MainMenu.xib; sourceTree = "<group>"; };
		6D524B5B1CC8703B007F6F5A /* Info.plist */ = {isa = PBXFileReference; lastKnownFileType = text.plist.xml; path = Info.plist; sourceTree = "<group>"; };
/* End PBXFileReference section */

/* Begin PBXFrameworksBuildPhase section */
		6D524B4A1CC8703B007F6F5A /* Frameworks */ = {
			isa = PBXFrameworksBuildPhase;
			buildActionMask = 2147483647;
			files = (
			);
			runOnlyForDeploymentPostprocessing = 0;
		};
/* End PBXFrameworksBuildPhase section */

/* Begin PBXGroup section */
		6D524B441CC8703B007F6F5A = {
			isa = PBXGroup;
			children = (
				6D524B4F1CC8703B007F6F5A /* CEF_test */,
				6D524B4E1CC8703B007F6F5A /* Products */,
			);
			sourceTree = "<group>";
		};
		6D524B4E1CC8703B007F6F5A /* Products */ = {
			isa = PBXGroup;
			children = (
				6D524B4D1CC8703B007F6F5A /* CEF_test.app */,
			);
			name = Products;
			sourceTree = "<group>";
		};
		6D524B4F1CC8703B007F6F5A /* CEF_test */ = {
			isa = PBXGroup;
			children = (
				6D524B501CC8703B007F6F5A /* AppDelegate.h */,
				6D524B511CC8703B007F6F5A /* AppDelegate.m */,
				6D524B561CC8703B007F6F5A /* Assets.xcassets */,
				6D524B581CC8703B007F6F5A /* MainMenu.xib */,
				6D524B5B1CC8703B007F6F5A /* Info.plist */,
				6D524B531CC8703B007F6F5A /* Supporting Files */,
			);
			path = CEF_test;
			sourceTree = "<group>";
		};
		6D524B531CC8703B007F6F5A /* Supporting Files */ = {
			isa = PBXGroup;
			children = (
				6D524B541CC8703B007F6F5A /* main.m */,
			);
			name = "Supporting Files";
			sourceTree = "<group>";
		};
/* End PBXGroup section */

/* Begin PBXNativeTarget section */
		6D524B4C1CC8703B007F6F5A /* CEF_test */ = {
			isa = PBXNativeTarget;
			buildConfigurationList = 6D524B5E1CC8703B007F6F5A /* Build configuration list for PBXNativeTarget "CEF_test" */;
			buildPhases = (
				6D524B491CC8703B007F6F5A /* Sources */,
				6D524B4A1CC8703B007F6F5A /* Frameworks */,
				6D524B4B1CC8703B007F6F5A /* Resources */,
			);
			buildRules = (
			);
			dependencies = (
			);
			name = CEF_test;
			productName = CEF_test;
			productReference = 6D524B4D1CC8703B007F6F5A /* CEF_test.app */;
			productType = "com.apple.product-type.application";
		};
/* End PBXNativeTarget section */

/* Begin PBXProject section */
		6D524B451CC8703B007F6F5A /* Project object */ = {
			isa = PBXProject;
			attributes = {
				LastUpgradeCheck = 0730;
				ORGANIZATIONNAME = hidog;
				TargetAttributes = {
					6D524B4C1CC8703B007F6F5A = {
						CreatedOnToolsVersion = 7.3;
					};
				};
			};
			buildConfigurationList = 6D524B481CC8703B007F6F5A /* Build configuration list for PBXProject "CEF_test" */;
			compatibilityVersion = "Xcode 3.2";
			developmentRegion = English;
			hasScannedForEncodings = 0;
			knownRegions = (
				en,
				Base,
			);
			mainGroup = 6D524B441CC8703B007F6F5A;
			productRefGroup = 6D524B4E1CC8703B007F6F5A /* Products */;
			projectDirPath = "";
			projectRoot = "";
			targets = (
				6D524B4C1CC8703B007F6F5A /* CEF_test */,
			);
		};
/* End PBXProject section */

/* Begin PBXResourcesBuildPhase section */
		6D524B4B1CC8703B007F6F5A /* Resources */ = {
			isa = PBXResourcesBuildPhase;
			buildActionMask = 2147483647;
			files = (
				6D524B571CC8703B007F6F5A /* Assets.xcassets in Resources */,
				6D524B5A1CC8703B007F6F5A /* MainMenu.xib in Resources */,
			);
			runOnlyForDeploymentPostprocessing = 0;
		};
/* End PBXResourcesBuildPhase section */

/* Begin PBXSourcesBuildPhase section */
		6D524B491CC8703B007F6F5A /* Sources */ = {
			isa = PBXSourcesBuildPhase;
			buildActionMask = 2147483647;
			files = (
				6D524B551CC8703B007F6F5A /* main.m in Sources */,
				6D524B521CC8703B007F6F5A /* AppDelegate.m in Sources */,
			);
			runOnlyForDeploymentPostprocessing = 0;
		};
/* End PBXSourcesBuildPhase section */

/* Begin PBXVariantGroup section */
		6D524B581CC8703B007F6F5A /* MainMenu.xib */ = {
			isa = PBXVariantGroup;
			children = (
				6D524B591CC8703B007F6F5A /* Base */,
			);
			name = MainMenu.xib;
			sourceTree = "<group>";
		};
/* End PBXVariantGroup section */

/* Begin XCBuildConfiguration section */
		6D524B5C1CC8703B007F6F5A /* Debug */ = {
			isa = XCBuildConfiguration;
			buildSettings = {
				ALWAYS_SEARCH_USER_PATHS = NO;
				CLANG_ANALYZER_NONNULL = YES;
				CLANG_CXX_LANGUAGE_STANDARD = "gnu++0x";
				CLANG_CXX_LIBRARY = "libc++";
				CLANG_ENABLE_MODULES = YES;
				CLANG_ENABLE_OBJC_ARC = YES;
				CLANG_WARN_BOOL_CONVERSION = YES;
				CLANG_WARN_CONSTANT_CONVERSION = YES;
				CLANG_WARN_DIRECT_OBJC_ISA_USAGE = YES_ERROR;
				CLANG_WARN_EMPTY_BODY = YES;
				CLANG_WARN_ENUM_CONVERSION = YES;
				CLANG_WARN_INT_CONVERSION = YES;
				CLANG_WARN_OBJC_ROOT_CLASS = YES_ERROR;
				CLANG_WARN_UNREACHABLE_CODE = YES;
				CLANG_WARN__DUPLICATE_METHOD_MATCH = YES;
				CODE_SIGN_IDENTITY = "-";
				COPY_PHASE_STRIP = NO;
				DEBUG_INFORMATION_FORMAT = dwarf;
				ENABLE_STRICT_OBJC_MSGSEND = YES;
				ENABLE_TESTABILITY = YES;
				GCC_C_LANGUAGE_STANDARD = gnu99;
				GCC_DYNAMIC_NO_PIC = NO;
				GCC_NO_COMMON_BLOCKS = YES;
				GCC_OPTIMIZATION_LEVEL = 0;
				GCC_PREPROCESSOR_DEFINITIONS = (
					"DEBUG=1",
					"$(inherited)",
				);
				GCC_WARN_64_TO_32_BIT_CONVERSION = YES;
				GCC_WARN_ABOUT_RETURN_TYPE = YES_ERROR;
				GCC_WARN_UNDECLARED_SELECTOR = YES;
				GCC_WARN_UNINITIALIZED_AUTOS = YES_AGGRESSIVE;
				GCC_WARN_UNUSED_FUNCTION = YES;
				GCC_WARN_UNUSED_VARIABLE = YES;
				MACOSX_DEPLOYMENT_TARGET = 10.11;
				MTL_ENABLE_DEBUG_INFO = YES;
				ONLY_ACTIVE_ARCH = YES;
				SDKROOT = macosx;
			};
			name = Debug;
		};
		6D524B5D1CC8703B007F6F5A /* Release */ = {
			isa = XCBuildConfiguration;
			buildSettings = {
				ALWAYS_SEARCH_USER_PATHS = NO;
				CLANG_ANALYZER_NONNULL = YES;
				CLANG_CXX_LANGUAGE_STANDARD = "gnu++0x";
				CLANG_CXX_LIBRARY = "libc++";
				CLANG_ENABLE_MODULES = YES;
				CLANG_ENABLE_OBJC_ARC = YES;
				CLANG_WARN_BOOL_CONVERSION = YES;
				CLANG_WARN_CONSTANT_CONVERSION = YES;
				CLANG_WARN_DIRECT_OBJC_ISA_USAGE = YES_ERROR;
				CLANG_WARN_EMPTY_BODY = YES;
				CLANG_WARN_ENUM_CONVERSION = YES;
				CLANG_WARN_INT_CONVERSION = YES;
				CLANG_WARN_OBJC_ROOT_CLASS = YES_ERROR;
				CLANG_WARN_UNREACHABLE_CODE = YES;
				CLANG_WARN__DUPLICATE_METHOD_MATCH = YES;
				CODE_SIGN_IDENTITY = "-";
				COPY_PHASE_STRIP = NO;
				DEBUG_INFORMATION_FORMAT = "dwarf-with-dsym";
				ENABLE_NS_ASSERTIONS = NO;
				ENABLE_STRICT_OBJC_MSGSEND = YES;
				GCC_C_LANGUAGE_STANDARD = gnu99;
				GCC_NO_COMMON_BLOCKS = YES;
				GCC_WARN_64_TO_32_BIT_CONVERSION = YES;
				GCC_WARN_ABOUT_RETURN_TYPE = YES_ERROR;
				GCC_WARN_UNDECLARED_SELECTOR = YES;
				GCC_WARN_UNINITIALIZED_AUTOS = YES_AGGRESSIVE;
				GCC_WARN_UNUSED_FUNCTION = YES;
				GCC_WARN_UNUSED_VARIABLE = YES;
				MACOSX_DEPLOYMENT_TARGET = 10.11;
				MTL_ENABLE_DEBUG_INFO = NO;
				SDKROOT = macosx;
			};
			name = Release;
		};
		6D524B5F1CC8703B007F6F5A /* Debug */ = {
			isa = XCBuildConfiguration;
			buildSettings = {
				ASSETCATALOG_COMPILER_APPICON_NAME = AppIcon;
				COMBINE_HIDPI_IMAGES = YES;
				INFOPLIST_FILE = CEF_test/Info.plist;
				LD_RUNPATH_SEARCH_PATHS = "$(inherited) @executable_path/../Frameworks";
				PRODUCT_BUNDLE_IDENTIFIER = "HiGit.CEF-test";
				PRODUCT_NAME = "$(TARGET_NAME)";
			};
			name = Debug;
		};
		6D524B601CC8703B007F6F5A /* Release */ = {
			isa = XCBuildConfiguration;
			buildSettings = {
				ASSETCATALOG_COMPILER_APPICON_NAME = AppIcon;
				COMBINE_HIDPI_IMAGES = YES;
				INFOPLIST_FILE = CEF_test/Info.plist;
				LD_RUNPATH_SEARCH_PATHS = "$(inherited) @executable_path/../Frameworks";
				PRODUCT_BUNDLE_IDENTIFIER = "HiGit.CEF-test";
				PRODUCT_NAME = "$(TARGET_NAME)";
			};
			name = Release;
		};
/* End XCBuildConfiguration section */

/* Begin XCConfigurationList section */
		6D524B481CC8703B007F6F5A /* Build configuration list for PBXProject "CEF_test" */ = {
			isa = XCConfigurationList;
			buildConfigurations = (
				6D524B5C1CC8703B007F6F5A /* Debug */,
				6D524B5D1CC8703B007F6F5A /* Release */,
			);
			defaultConfigurationIsVisible = 0;
			defaultConfigurationName = Release;
		};
		6D524B5E1CC8703B007F6F5A /* Build configuration list for PBXNativeTarget "CEF_test" */ = {
			isa = XCConfigurationList;
			buildConfigurations = (
				6D524B5F1CC8703B007F6F5A /* Debug */,
				6D524B601CC8703B007F6F5A /* Release */,
			);
			defaultConfigurationIsVisible = 0;
		};
/* End XCConfigurationList section */
	};
	rootObject = 6D524B451CC8703B007F6F5A /* Project object */;
}
