// !$*UTF8*$!
{
	archiveVersion = 1;
	classes = {
	};
	objectVersion = 46;
	objects = {

/* Begin PBXBuildFile section */
		6DEA86EB1CC7D76100AF7909 /* AppDelegate.mm in Sources */ = {isa = PBXBuildFile; fileRef = 6DEA86EA1CC7D76100AF7909 /* AppDelegate.mm */; };
		6DEA86EE1CC7D76100AF7909 /* main.mm in Sources */ = {isa = PBXBuildFile; fileRef = 6DEA86ED1CC7D76100AF7909 /* main.mm */; };
		6DEA86F41CC7D76100AF7909 /* CEF_test.xcdatamodeld in Sources */ = {isa = PBXBuildFile; fileRef = 6DEA86F21CC7D76100AF7909 /* CEF_test.xcdatamodeld */; };
		6DEA86F61CC7D76100AF7909 /* Assets.xcassets in Resources */ = {isa = PBXBuildFile; fileRef = 6DEA86F51CC7D76100AF7909 /* Assets.xcassets */; };
		6DEA86F91CC7D76100AF7909 /* Main.storyboard in Resources */ = {isa = PBXBuildFile; fileRef = 6DEA86F71CC7D76100AF7909 /* Main.storyboard */; };
/* End PBXBuildFile section */

/* Begin PBXFileReference section */
		6DEA86E61CC7D76100AF7909 /* CEF_test.app */ = {isa = PBXFileReference; explicitFileType = wrapper.application; includeInIndex = 0; path = CEF_test.app; sourceTree = BUILT_PRODUCTS_DIR; };
		6DEA86E91CC7D76100AF7909 /* AppDelegate.h */ = {isa = PBXFileReference; lastKnownFileType = sourcecode.c.h; path = AppDelegate.h; sourceTree = "<group>"; };
		6DEA86EA1CC7D76100AF7909 /* AppDelegate.mm */ = {isa = PBXFileReference; lastKnownFileType = sourcecode.cpp.objcpp; path = AppDelegate.mm; sourceTree = "<group>"; };
		6DEA86ED1CC7D76100AF7909 /* main.mm */ = {isa = PBXFileReference; lastKnownFileType = sourcecode.cpp.objcpp; path = main.mm; sourceTree = "<group>"; };
		6DEA86F31CC7D76100AF7909 /* CEF_test.xcdatamodel */ = {isa = PBXFileReference; lastKnownFileType = wrapper.xcdatamodel; path = CEF_test.xcdatamodel; sourceTree = "<group>"; };
		6DEA86F51CC7D76100AF7909 /* Assets.xcassets */ = {isa = PBXFileReference; lastKnownFileType = folder.assetcatalog; path = Assets.xcassets; sourceTree = "<group>"; };
		6DEA86F81CC7D76100AF7909 /* Base */ = {isa = PBXFileReference; lastKnownFileType = file.storyboard; name = Base; path = Base.lproj/Main.storyboard; sourceTree = "<group>"; };
		6DEA86FA1CC7D76100AF7909 /* Info.plist */ = {isa = PBXFileReference; lastKnownFileType = text.plist.xml; path = Info.plist; sourceTree = "<group>"; };
		6DEA87021CC7D8F400AF7909 /* cef_atomic_ref_count.h */ = {isa = PBXFileReference; fileEncoding = 4; lastKnownFileType = sourcecode.c.h; path = cef_atomic_ref_count.h; sourceTree = "<group>"; };
		6DEA87031CC7D8F400AF7909 /* cef_atomicops.h */ = {isa = PBXFileReference; fileEncoding = 4; lastKnownFileType = sourcecode.c.h; path = cef_atomicops.h; sourceTree = "<group>"; };
		6DEA87041CC7D8F400AF7909 /* cef_basictypes.h */ = {isa = PBXFileReference; fileEncoding = 4; lastKnownFileType = sourcecode.c.h; path = cef_basictypes.h; sourceTree = "<group>"; };
		6DEA87051CC7D8F400AF7909 /* cef_bind.h */ = {isa = PBXFileReference; fileEncoding = 4; lastKnownFileType = sourcecode.c.h; path = cef_bind.h; sourceTree = "<group>"; };
		6DEA87061CC7D8F400AF7909 /* cef_bind_helpers.h */ = {isa = PBXFileReference; fileEncoding = 4; lastKnownFileType = sourcecode.c.h; path = cef_bind_helpers.h; sourceTree = "<group>"; };
		6DEA87071CC7D8F400AF7909 /* cef_build.h */ = {isa = PBXFileReference; fileEncoding = 4; lastKnownFileType = sourcecode.c.h; path = cef_build.h; sourceTree = "<group>"; };
		6DEA87081CC7D8F400AF7909 /* cef_callback.h */ = {isa = PBXFileReference; fileEncoding = 4; lastKnownFileType = sourcecode.c.h; path = cef_callback.h; sourceTree = "<group>"; };
		6DEA87091CC7D8F400AF7909 /* cef_callback_forward.h */ = {isa = PBXFileReference; fileEncoding = 4; lastKnownFileType = sourcecode.c.h; path = cef_callback_forward.h; sourceTree = "<group>"; };
		6DEA870A1CC7D8F400AF7909 /* cef_callback_helpers.h */ = {isa = PBXFileReference; fileEncoding = 4; lastKnownFileType = sourcecode.c.h; path = cef_callback_helpers.h; sourceTree = "<group>"; };
		6DEA870B1CC7D8F400AF7909 /* cef_callback_list.h */ = {isa = PBXFileReference; fileEncoding = 4; lastKnownFileType = sourcecode.c.h; path = cef_callback_list.h; sourceTree = "<group>"; };
		6DEA870C1CC7D8F400AF7909 /* cef_cancelable_callback.h */ = {isa = PBXFileReference; fileEncoding = 4; lastKnownFileType = sourcecode.c.h; path = cef_cancelable_callback.h; sourceTree = "<group>"; };
		6DEA870D1CC7D8F400AF7909 /* cef_lock.h */ = {isa = PBXFileReference; fileEncoding = 4; lastKnownFileType = sourcecode.c.h; path = cef_lock.h; sourceTree = "<group>"; };
		6DEA870E1CC7D8F400AF7909 /* cef_logging.h */ = {isa = PBXFileReference; fileEncoding = 4; lastKnownFileType = sourcecode.c.h; path = cef_logging.h; sourceTree = "<group>"; };
		6DEA870F1CC7D8F400AF7909 /* cef_macros.h */ = {isa = PBXFileReference; fileEncoding = 4; lastKnownFileType = sourcecode.c.h; path = cef_macros.h; sourceTree = "<group>"; };
		6DEA87101CC7D8F400AF7909 /* cef_move.h */ = {isa = PBXFileReference; fileEncoding = 4; lastKnownFileType = sourcecode.c.h; path = cef_move.h; sourceTree = "<group>"; };
		6DEA87111CC7D8F400AF7909 /* cef_platform_thread.h */ = {isa = PBXFileReference; fileEncoding = 4; lastKnownFileType = sourcecode.c.h; path = cef_platform_thread.h; sourceTree = "<group>"; };
		6DEA87121CC7D8F400AF7909 /* cef_ref_counted.h */ = {isa = PBXFileReference; fileEncoding = 4; lastKnownFileType = sourcecode.c.h; path = cef_ref_counted.h; sourceTree = "<group>"; };
		6DEA87131CC7D8F400AF7909 /* cef_scoped_ptr.h */ = {isa = PBXFileReference; fileEncoding = 4; lastKnownFileType = sourcecode.c.h; path = cef_scoped_ptr.h; sourceTree = "<group>"; };
		6DEA87141CC7D8F400AF7909 /* cef_string16.h */ = {isa = PBXFileReference; fileEncoding = 4; lastKnownFileType = sourcecode.c.h; path = cef_string16.h; sourceTree = "<group>"; };
		6DEA87151CC7D8F400AF7909 /* cef_template_util.h */ = {isa = PBXFileReference; fileEncoding = 4; lastKnownFileType = sourcecode.c.h; path = cef_template_util.h; sourceTree = "<group>"; };
		6DEA87161CC7D8F400AF7909 /* cef_thread_checker.h */ = {isa = PBXFileReference; fileEncoding = 4; lastKnownFileType = sourcecode.c.h; path = cef_thread_checker.h; sourceTree = "<group>"; };
		6DEA87171CC7D8F400AF7909 /* cef_thread_collision_warner.h */ = {isa = PBXFileReference; fileEncoding = 4; lastKnownFileType = sourcecode.c.h; path = cef_thread_collision_warner.h; sourceTree = "<group>"; };
		6DEA87181CC7D8F400AF7909 /* cef_trace_event.h */ = {isa = PBXFileReference; fileEncoding = 4; lastKnownFileType = sourcecode.c.h; path = cef_trace_event.h; sourceTree = "<group>"; };
		6DEA87191CC7D8F400AF7909 /* cef_tuple.h */ = {isa = PBXFileReference; fileEncoding = 4; lastKnownFileType = sourcecode.c.h; path = cef_tuple.h; sourceTree = "<group>"; };
		6DEA871A1CC7D8F400AF7909 /* cef_weak_ptr.h */ = {isa = PBXFileReference; fileEncoding = 4; lastKnownFileType = sourcecode.c.h; path = cef_weak_ptr.h; sourceTree = "<group>"; };
		6DEA871C1CC7D8F400AF7909 /* cef_atomicops_atomicword_compat.h */ = {isa = PBXFileReference; fileEncoding = 4; lastKnownFileType = sourcecode.c.h; path = cef_atomicops_atomicword_compat.h; sourceTree = "<group>"; };
		6DEA871D1CC7D8F400AF7909 /* cef_atomicops_mac.h */ = {isa = PBXFileReference; fileEncoding = 4; lastKnownFileType = sourcecode.c.h; path = cef_atomicops_mac.h; sourceTree = "<group>"; };
		6DEA871E1CC7D8F400AF7909 /* cef_bind_internal.h */ = {isa = PBXFileReference; fileEncoding = 4; lastKnownFileType = sourcecode.c.h; path = cef_bind_internal.h; sourceTree = "<group>"; };
		6DEA871F1CC7D8F400AF7909 /* cef_callback_internal.h */ = {isa = PBXFileReference; fileEncoding = 4; lastKnownFileType = sourcecode.c.h; path = cef_callback_internal.h; sourceTree = "<group>"; };
		6DEA87201CC7D8F400AF7909 /* cef_lock_impl.h */ = {isa = PBXFileReference; fileEncoding = 4; lastKnownFileType = sourcecode.c.h; path = cef_lock_impl.h; sourceTree = "<group>"; };
		6DEA87211CC7D8F400AF7909 /* cef_raw_scoped_refptr_mismatch_checker.h */ = {isa = PBXFileReference; fileEncoding = 4; lastKnownFileType = sourcecode.c.h; path = cef_raw_scoped_refptr_mismatch_checker.h; sourceTree = "<group>"; };
		6DEA87221CC7D8F400AF7909 /* cef_thread_checker_impl.h */ = {isa = PBXFileReference; fileEncoding = 4; lastKnownFileType = sourcecode.c.h; path = cef_thread_checker_impl.h; sourceTree = "<group>"; };
		6DEA87241CC7D8F400AF7909 /* cef_app_capi.h */ = {isa = PBXFileReference; fileEncoding = 4; lastKnownFileType = sourcecode.c.h; path = cef_app_capi.h; sourceTree = "<group>"; };
		6DEA87251CC7D8F400AF7909 /* cef_auth_callback_capi.h */ = {isa = PBXFileReference; fileEncoding = 4; lastKnownFileType = sourcecode.c.h; path = cef_auth_callback_capi.h; sourceTree = "<group>"; };
		6DEA87261CC7D8F400AF7909 /* cef_base_capi.h */ = {isa = PBXFileReference; fileEncoding = 4; lastKnownFileType = sourcecode.c.h; path = cef_base_capi.h; sourceTree = "<group>"; };
		6DEA87271CC7D8F400AF7909 /* cef_browser_capi.h */ = {isa = PBXFileReference; fileEncoding = 4; lastKnownFileType = sourcecode.c.h; path = cef_browser_capi.h; sourceTree = "<group>"; };
		6DEA87281CC7D8F400AF7909 /* cef_browser_process_handler_capi.h */ = {isa = PBXFileReference; fileEncoding = 4; lastKnownFileType = sourcecode.c.h; path = cef_browser_process_handler_capi.h; sourceTree = "<group>"; };
		6DEA87291CC7D8F400AF7909 /* cef_callback_capi.h */ = {isa = PBXFileReference; fileEncoding = 4; lastKnownFileType = sourcecode.c.h; path = cef_callback_capi.h; sourceTree = "<group>"; };
		6DEA872A1CC7D8F400AF7909 /* cef_client_capi.h */ = {isa = PBXFileReference; fileEncoding = 4; lastKnownFileType = sourcecode.c.h; path = cef_client_capi.h; sourceTree = "<group>"; };
		6DEA872B1CC7D8F400AF7909 /* cef_command_line_capi.h */ = {isa = PBXFileReference; fileEncoding = 4; lastKnownFileType = sourcecode.c.h; path = cef_command_line_capi.h; sourceTree = "<group>"; };
		6DEA872C1CC7D8F400AF7909 /* cef_context_menu_handler_capi.h */ = {isa = PBXFileReference; fileEncoding = 4; lastKnownFileType = sourcecode.c.h; path = cef_context_menu_handler_capi.h; sourceTree = "<group>"; };
		6DEA872D1CC7D8F400AF7909 /* cef_cookie_capi.h */ = {isa = PBXFileReference; fileEncoding = 4; lastKnownFileType = sourcecode.c.h; path = cef_cookie_capi.h; sourceTree = "<group>"; };
		6DEA872E1CC7D8F400AF7909 /* cef_dialog_handler_capi.h */ = {isa = PBXFileReference; fileEncoding = 4; lastKnownFileType = sourcecode.c.h; path = cef_dialog_handler_capi.h; sourceTree = "<group>"; };
		6DEA872F1CC7D8F400AF7909 /* cef_display_handler_capi.h */ = {isa = PBXFileReference; fileEncoding = 4; lastKnownFileType = sourcecode.c.h; path = cef_display_handler_capi.h; sourceTree = "<group>"; };
		6DEA87301CC7D8F400AF7909 /* cef_dom_capi.h */ = {isa = PBXFileReference; fileEncoding = 4; lastKnownFileType = sourcecode.c.h; path = cef_dom_capi.h; sourceTree = "<group>"; };
		6DEA87311CC7D8F400AF7909 /* cef_download_handler_capi.h */ = {isa = PBXFileReference; fileEncoding = 4; lastKnownFileType = sourcecode.c.h; path = cef_download_handler_capi.h; sourceTree = "<group>"; };
		6DEA87321CC7D8F400AF7909 /* cef_download_item_capi.h */ = {isa = PBXFileReference; fileEncoding = 4; lastKnownFileType = sourcecode.c.h; path = cef_download_item_capi.h; sourceTree = "<group>"; };
		6DEA87331CC7D8F400AF7909 /* cef_drag_data_capi.h */ = {isa = PBXFileReference; fileEncoding = 4; lastKnownFileType = sourcecode.c.h; path = cef_drag_data_capi.h; sourceTree = "<group>"; };
		6DEA87341CC7D8F400AF7909 /* cef_drag_handler_capi.h */ = {isa = PBXFileReference; fileEncoding = 4; lastKnownFileType = sourcecode.c.h; path = cef_drag_handler_capi.h; sourceTree = "<group>"; };
		6DEA87351CC7D8F400AF7909 /* cef_find_handler_capi.h */ = {isa = PBXFileReference; fileEncoding = 4; lastKnownFileType = sourcecode.c.h; path = cef_find_handler_capi.h; sourceTree = "<group>"; };
		6DEA87361CC7D8F400AF7909 /* cef_focus_handler_capi.h */ = {isa = PBXFileReference; fileEncoding = 4; lastKnownFileType = sourcecode.c.h; path = cef_focus_handler_capi.h; sourceTree = "<group>"; };
		6DEA87371CC7D8F400AF7909 /* cef_frame_capi.h */ = {isa = PBXFileReference; fileEncoding = 4; lastKnownFileType = sourcecode.c.h; path = cef_frame_capi.h; sourceTree = "<group>"; };
		6DEA87381CC7D8F400AF7909 /* cef_geolocation_capi.h */ = {isa = PBXFileReference; fileEncoding = 4; lastKnownFileType = sourcecode.c.h; path = cef_geolocation_capi.h; sourceTree = "<group>"; };
		6DEA87391CC7D8F400AF7909 /* cef_geolocation_handler_capi.h */ = {isa = PBXFileReference; fileEncoding = 4; lastKnownFileType = sourcecode.c.h; path = cef_geolocation_handler_capi.h; sourceTree = "<group>"; };
		6DEA873A1CC7D8F400AF7909 /* cef_jsdialog_handler_capi.h */ = {isa = PBXFileReference; fileEncoding = 4; lastKnownFileType = sourcecode.c.h; path = cef_jsdialog_handler_capi.h; sourceTree = "<group>"; };
		6DEA873B1CC7D8F400AF7909 /* cef_keyboard_handler_capi.h */ = {isa = PBXFileReference; fileEncoding = 4; lastKnownFileType = sourcecode.c.h; path = cef_keyboard_handler_capi.h; sourceTree = "<group>"; };
		6DEA873C1CC7D8F400AF7909 /* cef_life_span_handler_capi.h */ = {isa = PBXFileReference; fileEncoding = 4; lastKnownFileType = sourcecode.c.h; path = cef_life_span_handler_capi.h; sourceTree = "<group>"; };
		6DEA873D1CC7D8F400AF7909 /* cef_load_handler_capi.h */ = {isa = PBXFileReference; fileEncoding = 4; lastKnownFileType = sourcecode.c.h; path = cef_load_handler_capi.h; sourceTree = "<group>"; };
		6DEA873E1CC7D8F400AF7909 /* cef_menu_model_capi.h */ = {isa = PBXFileReference; fileEncoding = 4; lastKnownFileType = sourcecode.c.h; path = cef_menu_model_capi.h; sourceTree = "<group>"; };
		6DEA873F1CC7D8F400AF7909 /* cef_navigation_entry_capi.h */ = {isa = PBXFileReference; fileEncoding = 4; lastKnownFileType = sourcecode.c.h; path = cef_navigation_entry_capi.h; sourceTree = "<group>"; };
		6DEA87401CC7D8F400AF7909 /* cef_origin_whitelist_capi.h */ = {isa = PBXFileReference; fileEncoding = 4; lastKnownFileType = sourcecode.c.h; path = cef_origin_whitelist_capi.h; sourceTree = "<group>"; };
		6DEA87411CC7D8F400AF7909 /* cef_parser_capi.h */ = {isa = PBXFileReference; fileEncoding = 4; lastKnownFileType = sourcecode.c.h; path = cef_parser_capi.h; sourceTree = "<group>"; };
		6DEA87421CC7D8F400AF7909 /* cef_path_util_capi.h */ = {isa = PBXFileReference; fileEncoding = 4; lastKnownFileType = sourcecode.c.h; path = cef_path_util_capi.h; sourceTree = "<group>"; };
		6DEA87431CC7D8F400AF7909 /* cef_print_handler_capi.h */ = {isa = PBXFileReference; fileEncoding = 4; lastKnownFileType = sourcecode.c.h; path = cef_print_handler_capi.h; sourceTree = "<group>"; };
		6DEA87441CC7D8F400AF7909 /* cef_print_settings_capi.h */ = {isa = PBXFileReference; fileEncoding = 4; lastKnownFileType = sourcecode.c.h; path = cef_print_settings_capi.h; sourceTree = "<group>"; };
		6DEA87451CC7D8F400AF7909 /* cef_process_message_capi.h */ = {isa = PBXFileReference; fileEncoding = 4; lastKnownFileType = sourcecode.c.h; path = cef_process_message_capi.h; sourceTree = "<group>"; };
		6DEA87461CC7D8F400AF7909 /* cef_process_util_capi.h */ = {isa = PBXFileReference; fileEncoding = 4; lastKnownFileType = sourcecode.c.h; path = cef_process_util_capi.h; sourceTree = "<group>"; };
		6DEA87471CC7D8F400AF7909 /* cef_render_handler_capi.h */ = {isa = PBXFileReference; fileEncoding = 4; lastKnownFileType = sourcecode.c.h; path = cef_render_handler_capi.h; sourceTree = "<group>"; };
		6DEA87481CC7D8F400AF7909 /* cef_render_process_handler_capi.h */ = {isa = PBXFileReference; fileEncoding = 4; lastKnownFileType = sourcecode.c.h; path = cef_render_process_handler_capi.h; sourceTree = "<group>"; };
		6DEA87491CC7D8F400AF7909 /* cef_request_capi.h */ = {isa = PBXFileReference; fileEncoding = 4; lastKnownFileType = sourcecode.c.h; path = cef_request_capi.h; sourceTree = "<group>"; };
		6DEA874A1CC7D8F400AF7909 /* cef_request_context_capi.h */ = {isa = PBXFileReference; fileEncoding = 4; lastKnownFileType = sourcecode.c.h; path = cef_request_context_capi.h; sourceTree = "<group>"; };
		6DEA874B1CC7D8F400AF7909 /* cef_request_context_handler_capi.h */ = {isa = PBXFileReference; fileEncoding = 4; lastKnownFileType = sourcecode.c.h; path = cef_request_context_handler_capi.h; sourceTree = "<group>"; };
		6DEA874C1CC7D8F400AF7909 /* cef_request_handler_capi.h */ = {isa = PBXFileReference; fileEncoding = 4; lastKnownFileType = sourcecode.c.h; path = cef_request_handler_capi.h; sourceTree = "<group>"; };
		6DEA874D1CC7D8F400AF7909 /* cef_resource_bundle_capi.h */ = {isa = PBXFileReference; fileEncoding = 4; lastKnownFileType = sourcecode.c.h; path = cef_resource_bundle_capi.h; sourceTree = "<group>"; };
		6DEA874E1CC7D8F400AF7909 /* cef_resource_bundle_handler_capi.h */ = {isa = PBXFileReference; fileEncoding = 4; lastKnownFileType = sourcecode.c.h; path = cef_resource_bundle_handler_capi.h; sourceTree = "<group>"; };
		6DEA874F1CC7D8F400AF7909 /* cef_resource_handler_capi.h */ = {isa = PBXFileReference; fileEncoding = 4; lastKnownFileType = sourcecode.c.h; path = cef_resource_handler_capi.h; sourceTree = "<group>"; };
		6DEA87501CC7D8F400AF7909 /* cef_response_capi.h */ = {isa = PBXFileReference; fileEncoding = 4; lastKnownFileType = sourcecode.c.h; path = cef_response_capi.h; sourceTree = "<group>"; };
		6DEA87511CC7D8F400AF7909 /* cef_response_filter_capi.h */ = {isa = PBXFileReference; fileEncoding = 4; lastKnownFileType = sourcecode.c.h; path = cef_response_filter_capi.h; sourceTree = "<group>"; };
		6DEA87521CC7D8F400AF7909 /* cef_scheme_capi.h */ = {isa = PBXFileReference; fileEncoding = 4; lastKnownFileType = sourcecode.c.h; path = cef_scheme_capi.h; sourceTree = "<group>"; };
		6DEA87531CC7D8F400AF7909 /* cef_ssl_info_capi.h */ = {isa = PBXFileReference; fileEncoding = 4; lastKnownFileType = sourcecode.c.h; path = cef_ssl_info_capi.h; sourceTree = "<group>"; };
		6DEA87541CC7D8F400AF7909 /* cef_stream_capi.h */ = {isa = PBXFileReference; fileEncoding = 4; lastKnownFileType = sourcecode.c.h; path = cef_stream_capi.h; sourceTree = "<group>"; };
		6DEA87551CC7D8F400AF7909 /* cef_string_visitor_capi.h */ = {isa = PBXFileReference; fileEncoding = 4; lastKnownFileType = sourcecode.c.h; path = cef_string_visitor_capi.h; sourceTree = "<group>"; };
		6DEA87561CC7D8F400AF7909 /* cef_task_capi.h */ = {isa = PBXFileReference; fileEncoding = 4; lastKnownFileType = sourcecode.c.h; path = cef_task_capi.h; sourceTree = "<group>"; };
		6DEA87571CC7D8F400AF7909 /* cef_trace_capi.h */ = {isa = PBXFileReference; fileEncoding = 4; lastKnownFileType = sourcecode.c.h; path = cef_trace_capi.h; sourceTree = "<group>"; };
		6DEA87581CC7D8F400AF7909 /* cef_urlrequest_capi.h */ = {isa = PBXFileReference; fileEncoding = 4; lastKnownFileType = sourcecode.c.h; path = cef_urlrequest_capi.h; sourceTree = "<group>"; };
		6DEA87591CC7D8F400AF7909 /* cef_v8_capi.h */ = {isa = PBXFileReference; fileEncoding = 4; lastKnownFileType = sourcecode.c.h; path = cef_v8_capi.h; sourceTree = "<group>"; };
		6DEA875A1CC7D8F400AF7909 /* cef_values_capi.h */ = {isa = PBXFileReference; fileEncoding = 4; lastKnownFileType = sourcecode.c.h; path = cef_values_capi.h; sourceTree = "<group>"; };
		6DEA875B1CC7D8F400AF7909 /* cef_web_plugin_capi.h */ = {isa = PBXFileReference; fileEncoding = 4; lastKnownFileType = sourcecode.c.h; path = cef_web_plugin_capi.h; sourceTree = "<group>"; };
		6DEA875C1CC7D8F400AF7909 /* cef_xml_reader_capi.h */ = {isa = PBXFileReference; fileEncoding = 4; lastKnownFileType = sourcecode.c.h; path = cef_xml_reader_capi.h; sourceTree = "<group>"; };
		6DEA875D1CC7D8F400AF7909 /* cef_zip_reader_capi.h */ = {isa = PBXFileReference; fileEncoding = 4; lastKnownFileType = sourcecode.c.h; path = cef_zip_reader_capi.h; sourceTree = "<group>"; };
		6DEA875E1CC7D8F400AF7909 /* cef_app.h */ = {isa = PBXFileReference; fileEncoding = 4; lastKnownFileType = sourcecode.c.h; path = cef_app.h; sourceTree = "<group>"; };
		6DEA875F1CC7D8F400AF7909 /* cef_application_mac.h */ = {isa = PBXFileReference; fileEncoding = 4; lastKnownFileType = sourcecode.c.h; path = cef_application_mac.h; sourceTree = "<group>"; };
		6DEA87601CC7D8F400AF7909 /* cef_auth_callback.h */ = {isa = PBXFileReference; fileEncoding = 4; lastKnownFileType = sourcecode.c.h; path = cef_auth_callback.h; sourceTree = "<group>"; };
		6DEA87611CC7D8F400AF7909 /* cef_base.h */ = {isa = PBXFileReference; fileEncoding = 4; lastKnownFileType = sourcecode.c.h; path = cef_base.h; sourceTree = "<group>"; };
		6DEA87621CC7D8F400AF7909 /* cef_browser.h */ = {isa = PBXFileReference; fileEncoding = 4; lastKnownFileType = sourcecode.c.h; path = cef_browser.h; sourceTree = "<group>"; };
		6DEA87631CC7D8F400AF7909 /* cef_browser_process_handler.h */ = {isa = PBXFileReference; fileEncoding = 4; lastKnownFileType = sourcecode.c.h; path = cef_browser_process_handler.h; sourceTree = "<group>"; };
		6DEA87641CC7D8F400AF7909 /* cef_callback.h */ = {isa = PBXFileReference; fileEncoding = 4; lastKnownFileType = sourcecode.c.h; path = cef_callback.h; sourceTree = "<group>"; };
		6DEA87651CC7D8F400AF7909 /* cef_client.h */ = {isa = PBXFileReference; fileEncoding = 4; lastKnownFileType = sourcecode.c.h; path = cef_client.h; sourceTree = "<group>"; };
		6DEA87661CC7D8F400AF7909 /* cef_command_line.h */ = {isa = PBXFileReference; fileEncoding = 4; lastKnownFileType = sourcecode.c.h; path = cef_command_line.h; sourceTree = "<group>"; };
		6DEA87671CC7D8F400AF7909 /* cef_context_menu_handler.h */ = {isa = PBXFileReference; fileEncoding = 4; lastKnownFileType = sourcecode.c.h; path = cef_context_menu_handler.h; sourceTree = "<group>"; };
		6DEA87681CC7D8F400AF7909 /* cef_cookie.h */ = {isa = PBXFileReference; fileEncoding = 4; lastKnownFileType = sourcecode.c.h; path = cef_cookie.h; sourceTree = "<group>"; };
		6DEA87691CC7D8F400AF7909 /* cef_dialog_handler.h */ = {isa = PBXFileReference; fileEncoding = 4; lastKnownFileType = sourcecode.c.h; path = cef_dialog_handler.h; sourceTree = "<group>"; };
		6DEA876A1CC7D8F400AF7909 /* cef_display_handler.h */ = {isa = PBXFileReference; fileEncoding = 4; lastKnownFileType = sourcecode.c.h; path = cef_display_handler.h; sourceTree = "<group>"; };
		6DEA876B1CC7D8F400AF7909 /* cef_dom.h */ = {isa = PBXFileReference; fileEncoding = 4; lastKnownFileType = sourcecode.c.h; path = cef_dom.h; sourceTree = "<group>"; };
		6DEA876C1CC7D8F400AF7909 /* cef_download_handler.h */ = {isa = PBXFileReference; fileEncoding = 4; lastKnownFileType = sourcecode.c.h; path = cef_download_handler.h; sourceTree = "<group>"; };
		6DEA876D1CC7D8F400AF7909 /* cef_download_item.h */ = {isa = PBXFileReference; fileEncoding = 4; lastKnownFileType = sourcecode.c.h; path = cef_download_item.h; sourceTree = "<group>"; };
		6DEA876E1CC7D8F400AF7909 /* cef_drag_data.h */ = {isa = PBXFileReference; fileEncoding = 4; lastKnownFileType = sourcecode.c.h; path = cef_drag_data.h; sourceTree = "<group>"; };
		6DEA876F1CC7D8F400AF7909 /* cef_drag_handler.h */ = {isa = PBXFileReference; fileEncoding = 4; lastKnownFileType = sourcecode.c.h; path = cef_drag_handler.h; sourceTree = "<group>"; };
		6DEA87701CC7D8F400AF7909 /* cef_find_handler.h */ = {isa = PBXFileReference; fileEncoding = 4; lastKnownFileType = sourcecode.c.h; path = cef_find_handler.h; sourceTree = "<group>"; };
		6DEA87711CC7D8F400AF7909 /* cef_focus_handler.h */ = {isa = PBXFileReference; fileEncoding = 4; lastKnownFileType = sourcecode.c.h; path = cef_focus_handler.h; sourceTree = "<group>"; };
		6DEA87721CC7D8F400AF7909 /* cef_frame.h */ = {isa = PBXFileReference; fileEncoding = 4; lastKnownFileType = sourcecode.c.h; path = cef_frame.h; sourceTree = "<group>"; };
		6DEA87731CC7D8F400AF7909 /* cef_geolocation.h */ = {isa = PBXFileReference; fileEncoding = 4; lastKnownFileType = sourcecode.c.h; path = cef_geolocation.h; sourceTree = "<group>"; };
		6DEA87741CC7D8F400AF7909 /* cef_geolocation_handler.h */ = {isa = PBXFileReference; fileEncoding = 4; lastKnownFileType = sourcecode.c.h; path = cef_geolocation_handler.h; sourceTree = "<group>"; };
		6DEA87751CC7D8F400AF7909 /* cef_jsdialog_handler.h */ = {isa = PBXFileReference; fileEncoding = 4; lastKnownFileType = sourcecode.c.h; path = cef_jsdialog_handler.h; sourceTree = "<group>"; };
		6DEA87761CC7D8F400AF7909 /* cef_keyboard_handler.h */ = {isa = PBXFileReference; fileEncoding = 4; lastKnownFileType = sourcecode.c.h; path = cef_keyboard_handler.h; sourceTree = "<group>"; };
		6DEA87771CC7D8F400AF7909 /* cef_life_span_handler.h */ = {isa = PBXFileReference; fileEncoding = 4; lastKnownFileType = sourcecode.c.h; path = cef_life_span_handler.h; sourceTree = "<group>"; };
		6DEA87781CC7D8F400AF7909 /* cef_load_handler.h */ = {isa = PBXFileReference; fileEncoding = 4; lastKnownFileType = sourcecode.c.h; path = cef_load_handler.h; sourceTree = "<group>"; };
		6DEA87791CC7D8F400AF7909 /* cef_menu_model.h */ = {isa = PBXFileReference; fileEncoding = 4; lastKnownFileType = sourcecode.c.h; path = cef_menu_model.h; sourceTree = "<group>"; };
		6DEA877A1CC7D8F400AF7909 /* cef_navigation_entry.h */ = {isa = PBXFileReference; fileEncoding = 4; lastKnownFileType = sourcecode.c.h; path = cef_navigation_entry.h; sourceTree = "<group>"; };
		6DEA877B1CC7D8F400AF7909 /* cef_origin_whitelist.h */ = {isa = PBXFileReference; fileEncoding = 4; lastKnownFileType = sourcecode.c.h; path = cef_origin_whitelist.h; sourceTree = "<group>"; };
		6DEA877C1CC7D8F400AF7909 /* cef_pack_resources.h */ = {isa = PBXFileReference; fileEncoding = 4; lastKnownFileType = sourcecode.c.h; path = cef_pack_resources.h; sourceTree = "<group>"; };
		6DEA877D1CC7D8F400AF7909 /* cef_pack_strings.h */ = {isa = PBXFileReference; fileEncoding = 4; lastKnownFileType = sourcecode.c.h; path = cef_pack_strings.h; sourceTree = "<group>"; };
		6DEA877E1CC7D8F400AF7909 /* cef_parser.h */ = {isa = PBXFileReference; fileEncoding = 4; lastKnownFileType = sourcecode.c.h; path = cef_parser.h; sourceTree = "<group>"; };
		6DEA877F1CC7D8F400AF7909 /* cef_path_util.h */ = {isa = PBXFileReference; fileEncoding = 4; lastKnownFileType = sourcecode.c.h; path = cef_path_util.h; sourceTree = "<group>"; };
		6DEA87801CC7D8F400AF7909 /* cef_print_handler.h */ = {isa = PBXFileReference; fileEncoding = 4; lastKnownFileType = sourcecode.c.h; path = cef_print_handler.h; sourceTree = "<group>"; };
		6DEA87811CC7D8F400AF7909 /* cef_print_settings.h */ = {isa = PBXFileReference; fileEncoding = 4; lastKnownFileType = sourcecode.c.h; path = cef_print_settings.h; sourceTree = "<group>"; };
		6DEA87821CC7D8F400AF7909 /* cef_process_message.h */ = {isa = PBXFileReference; fileEncoding = 4; lastKnownFileType = sourcecode.c.h; path = cef_process_message.h; sourceTree = "<group>"; };
		6DEA87831CC7D8F400AF7909 /* cef_process_util.h */ = {isa = PBXFileReference; fileEncoding = 4; lastKnownFileType = sourcecode.c.h; path = cef_process_util.h; sourceTree = "<group>"; };
		6DEA87841CC7D8F400AF7909 /* cef_render_handler.h */ = {isa = PBXFileReference; fileEncoding = 4; lastKnownFileType = sourcecode.c.h; path = cef_render_handler.h; sourceTree = "<group>"; };
		6DEA87851CC7D8F400AF7909 /* cef_render_process_handler.h */ = {isa = PBXFileReference; fileEncoding = 4; lastKnownFileType = sourcecode.c.h; path = cef_render_process_handler.h; sourceTree = "<group>"; };
		6DEA87861CC7D8F400AF7909 /* cef_request.h */ = {isa = PBXFileReference; fileEncoding = 4; lastKnownFileType = sourcecode.c.h; path = cef_request.h; sourceTree = "<group>"; };
		6DEA87871CC7D8F400AF7909 /* cef_request_context.h */ = {isa = PBXFileReference; fileEncoding = 4; lastKnownFileType = sourcecode.c.h; path = cef_request_context.h; sourceTree = "<group>"; };
		6DEA87881CC7D8F400AF7909 /* cef_request_context_handler.h */ = {isa = PBXFileReference; fileEncoding = 4; lastKnownFileType = sourcecode.c.h; path = cef_request_context_handler.h; sourceTree = "<group>"; };
		6DEA87891CC7D8F400AF7909 /* cef_request_handler.h */ = {isa = PBXFileReference; fileEncoding = 4; lastKnownFileType = sourcecode.c.h; path = cef_request_handler.h; sourceTree = "<group>"; };
		6DEA878A1CC7D8F400AF7909 /* cef_resource_bundle.h */ = {isa = PBXFileReference; fileEncoding = 4; lastKnownFileType = sourcecode.c.h; path = cef_resource_bundle.h; sourceTree = "<group>"; };
		6DEA878B1CC7D8F400AF7909 /* cef_resource_bundle_handler.h */ = {isa = PBXFileReference; fileEncoding = 4; lastKnownFileType = sourcecode.c.h; path = cef_resource_bundle_handler.h; sourceTree = "<group>"; };
		6DEA878C1CC7D8F400AF7909 /* cef_resource_handler.h */ = {isa = PBXFileReference; fileEncoding = 4; lastKnownFileType = sourcecode.c.h; path = cef_resource_handler.h; sourceTree = "<group>"; };
		6DEA878D1CC7D8F400AF7909 /* cef_response.h */ = {isa = PBXFileReference; fileEncoding = 4; lastKnownFileType = sourcecode.c.h; path = cef_response.h; sourceTree = "<group>"; };
		6DEA878E1CC7D8F400AF7909 /* cef_response_filter.h */ = {isa = PBXFileReference; fileEncoding = 4; lastKnownFileType = sourcecode.c.h; path = cef_response_filter.h; sourceTree = "<group>"; };
		6DEA878F1CC7D8F400AF7909 /* cef_scheme.h */ = {isa = PBXFileReference; fileEncoding = 4; lastKnownFileType = sourcecode.c.h; path = cef_scheme.h; sourceTree = "<group>"; };
		6DEA87901CC7D8F400AF7909 /* cef_ssl_info.h */ = {isa = PBXFileReference; fileEncoding = 4; lastKnownFileType = sourcecode.c.h; path = cef_ssl_info.h; sourceTree = "<group>"; };
		6DEA87911CC7D8F400AF7909 /* cef_stream.h */ = {isa = PBXFileReference; fileEncoding = 4; lastKnownFileType = sourcecode.c.h; path = cef_stream.h; sourceTree = "<group>"; };
		6DEA87921CC7D8F400AF7909 /* cef_string_visitor.h */ = {isa = PBXFileReference; fileEncoding = 4; lastKnownFileType = sourcecode.c.h; path = cef_string_visitor.h; sourceTree = "<group>"; };
		6DEA87931CC7D8F400AF7909 /* cef_task.h */ = {isa = PBXFileReference; fileEncoding = 4; lastKnownFileType = sourcecode.c.h; path = cef_task.h; sourceTree = "<group>"; };
		6DEA87941CC7D8F400AF7909 /* cef_trace.h */ = {isa = PBXFileReference; fileEncoding = 4; lastKnownFileType = sourcecode.c.h; path = cef_trace.h; sourceTree = "<group>"; };
		6DEA87951CC7D8F400AF7909 /* cef_urlrequest.h */ = {isa = PBXFileReference; fileEncoding = 4; lastKnownFileType = sourcecode.c.h; path = cef_urlrequest.h; sourceTree = "<group>"; };
		6DEA87961CC7D8F400AF7909 /* cef_v8.h */ = {isa = PBXFileReference; fileEncoding = 4; lastKnownFileType = sourcecode.c.h; path = cef_v8.h; sourceTree = "<group>"; };
		6DEA87971CC7D8F400AF7909 /* cef_values.h */ = {isa = PBXFileReference; fileEncoding = 4; lastKnownFileType = sourcecode.c.h; path = cef_values.h; sourceTree = "<group>"; };
		6DEA87981CC7D8F400AF7909 /* cef_version.h */ = {isa = PBXFileReference; fileEncoding = 4; lastKnownFileType = sourcecode.c.h; path = cef_version.h; sourceTree = "<group>"; };
		6DEA87991CC7D8F400AF7909 /* cef_web_plugin.h */ = {isa = PBXFileReference; fileEncoding = 4; lastKnownFileType = sourcecode.c.h; path = cef_web_plugin.h; sourceTree = "<group>"; };
		6DEA879A1CC7D8F400AF7909 /* cef_xml_reader.h */ = {isa = PBXFileReference; fileEncoding = 4; lastKnownFileType = sourcecode.c.h; path = cef_xml_reader.h; sourceTree = "<group>"; };
		6DEA879B1CC7D8F400AF7909 /* cef_zip_reader.h */ = {isa = PBXFileReference; fileEncoding = 4; lastKnownFileType = sourcecode.c.h; path = cef_zip_reader.h; sourceTree = "<group>"; };
		6DEA879D1CC7D8F400AF7909 /* cef_export.h */ = {isa = PBXFileReference; fileEncoding = 4; lastKnownFileType = sourcecode.c.h; path = cef_export.h; sourceTree = "<group>"; };
		6DEA879E1CC7D8F400AF7909 /* cef_logging_internal.h */ = {isa = PBXFileReference; fileEncoding = 4; lastKnownFileType = sourcecode.c.h; path = cef_logging_internal.h; sourceTree = "<group>"; };
		6DEA879F1CC7D8F400AF7909 /* cef_mac.h */ = {isa = PBXFileReference; fileEncoding = 4; lastKnownFileType = sourcecode.c.h; path = cef_mac.h; sourceTree = "<group>"; };
		6DEA87A01CC7D8F400AF7909 /* cef_ptr.h */ = {isa = PBXFileReference; fileEncoding = 4; lastKnownFileType = sourcecode.c.h; path = cef_ptr.h; sourceTree = "<group>"; };
		6DEA87A11CC7D8F400AF7909 /* cef_string.h */ = {isa = PBXFileReference; fileEncoding = 4; lastKnownFileType = sourcecode.c.h; path = cef_string.h; sourceTree = "<group>"; };
		6DEA87A21CC7D8F400AF7909 /* cef_string_list.h */ = {isa = PBXFileReference; fileEncoding = 4; lastKnownFileType = sourcecode.c.h; path = cef_string_list.h; sourceTree = "<group>"; };
		6DEA87A31CC7D8F400AF7909 /* cef_string_map.h */ = {isa = PBXFileReference; fileEncoding = 4; lastKnownFileType = sourcecode.c.h; path = cef_string_map.h; sourceTree = "<group>"; };
		6DEA87A41CC7D8F400AF7909 /* cef_string_multimap.h */ = {isa = PBXFileReference; fileEncoding = 4; lastKnownFileType = sourcecode.c.h; path = cef_string_multimap.h; sourceTree = "<group>"; };
		6DEA87A51CC7D8F400AF7909 /* cef_string_types.h */ = {isa = PBXFileReference; fileEncoding = 4; lastKnownFileType = sourcecode.c.h; path = cef_string_types.h; sourceTree = "<group>"; };
		6DEA87A61CC7D8F400AF7909 /* cef_string_wrappers.h */ = {isa = PBXFileReference; fileEncoding = 4; lastKnownFileType = sourcecode.c.h; path = cef_string_wrappers.h; sourceTree = "<group>"; };
		6DEA87A71CC7D8F400AF7909 /* cef_thread_internal.h */ = {isa = PBXFileReference; fileEncoding = 4; lastKnownFileType = sourcecode.c.h; path = cef_thread_internal.h; sourceTree = "<group>"; };
		6DEA87A81CC7D8F400AF7909 /* cef_time.h */ = {isa = PBXFileReference; fileEncoding = 4; lastKnownFileType = sourcecode.c.h; path = cef_time.h; sourceTree = "<group>"; };
		6DEA87A91CC7D8F400AF7909 /* cef_trace_event_internal.h */ = {isa = PBXFileReference; fileEncoding = 4; lastKnownFileType = sourcecode.c.h; path = cef_trace_event_internal.h; sourceTree = "<group>"; };
		6DEA87AA1CC7D8F400AF7909 /* cef_types.h */ = {isa = PBXFileReference; fileEncoding = 4; lastKnownFileType = sourcecode.c.h; path = cef_types.h; sourceTree = "<group>"; };
		6DEA87AB1CC7D8F400AF7909 /* cef_types_mac.h */ = {isa = PBXFileReference; fileEncoding = 4; lastKnownFileType = sourcecode.c.h; path = cef_types_mac.h; sourceTree = "<group>"; };
		6DEA87AC1CC7D8F400AF7909 /* cef_types_wrappers.h */ = {isa = PBXFileReference; fileEncoding = 4; lastKnownFileType = sourcecode.c.h; path = cef_types_wrappers.h; sourceTree = "<group>"; };
		6DEA87AE1CC7D8F400AF7909 /* cef_byte_read_handler.h */ = {isa = PBXFileReference; fileEncoding = 4; lastKnownFileType = sourcecode.c.h; path = cef_byte_read_handler.h; sourceTree = "<group>"; };
		6DEA87AF1CC7D8F400AF7909 /* cef_closure_task.h */ = {isa = PBXFileReference; fileEncoding = 4; lastKnownFileType = sourcecode.c.h; path = cef_closure_task.h; sourceTree = "<group>"; };
		6DEA87B01CC7D8F400AF7909 /* cef_helpers.h */ = {isa = PBXFileReference; fileEncoding = 4; lastKnownFileType = sourcecode.c.h; path = cef_helpers.h; sourceTree = "<group>"; };
		6DEA87B11CC7D8F400AF7909 /* cef_message_router.h */ = {isa = PBXFileReference; fileEncoding = 4; lastKnownFileType = sourcecode.c.h; path = cef_message_router.h; sourceTree = "<group>"; };
		6DEA87B21CC7D8F400AF7909 /* cef_resource_manager.h */ = {isa = PBXFileReference; fileEncoding = 4; lastKnownFileType = sourcecode.c.h; path = cef_resource_manager.h; sourceTree = "<group>"; };
		6DEA87B31CC7D8F400AF7909 /* cef_stream_resource_handler.h */ = {isa = PBXFileReference; fileEncoding = 4; lastKnownFileType = sourcecode.c.h; path = cef_stream_resource_handler.h; sourceTree = "<group>"; };
		6DEA87B41CC7D8F400AF7909 /* cef_xml_object.h */ = {isa = PBXFileReference; fileEncoding = 4; lastKnownFileType = sourcecode.c.h; path = cef_xml_object.h; sourceTree = "<group>"; };
		6DEA87B51CC7D8F400AF7909 /* cef_zip_archive.h */ = {isa = PBXFileReference; fileEncoding = 4; lastKnownFileType = sourcecode.c.h; path = cef_zip_archive.h; sourceTree = "<group>"; };
/* End PBXFileReference section */

/* Begin PBXFrameworksBuildPhase section */
		6DEA86E31CC7D76100AF7909 /* Frameworks */ = {
			isa = PBXFrameworksBuildPhase;
			buildActionMask = 2147483647;
			files = (
			);
			runOnlyForDeploymentPostprocessing = 0;
		};
/* End PBXFrameworksBuildPhase section */

/* Begin PBXGroup section */
		6DEA86DD1CC7D76100AF7909 = {
			isa = PBXGroup;
			children = (
				6DEA86E81CC7D76100AF7909 /* CEF_test */,
				6DEA86E71CC7D76100AF7909 /* Products */,
			);
			sourceTree = "<group>";
		};
		6DEA86E71CC7D76100AF7909 /* Products */ = {
			isa = PBXGroup;
			children = (
				6DEA86E61CC7D76100AF7909 /* CEF_test.app */,
			);
			name = Products;
			sourceTree = "<group>";
		};
		6DEA86E81CC7D76100AF7909 /* CEF_test */ = {
			isa = PBXGroup;
			children = (
				6DEA87001CC7D8F400AF7909 /* include */,
				6DEA86E91CC7D76100AF7909 /* AppDelegate.h */,
				6DEA86EA1CC7D76100AF7909 /* AppDelegate.mm */,
				6DEA86F51CC7D76100AF7909 /* Assets.xcassets */,
				6DEA86F71CC7D76100AF7909 /* Main.storyboard */,
				6DEA86FA1CC7D76100AF7909 /* Info.plist */,
				6DEA86F21CC7D76100AF7909 /* CEF_test.xcdatamodeld */,
				6DEA86EC1CC7D76100AF7909 /* Supporting Files */,
			);
			path = CEF_test;
			sourceTree = "<group>";
		};
		6DEA86EC1CC7D76100AF7909 /* Supporting Files */ = {
			isa = PBXGroup;
			children = (
				6DEA86ED1CC7D76100AF7909 /* main.mm */,
			);
			name = "Supporting Files";
			sourceTree = "<group>";
		};
		6DEA87001CC7D8F400AF7909 /* include */ = {
			isa = PBXGroup;
			children = (
				6DEA87011CC7D8F400AF7909 /* base */,
				6DEA87231CC7D8F400AF7909 /* capi */,
				6DEA875E1CC7D8F400AF7909 /* cef_app.h */,
				6DEA875F1CC7D8F400AF7909 /* cef_application_mac.h */,
				6DEA87601CC7D8F400AF7909 /* cef_auth_callback.h */,
				6DEA87611CC7D8F400AF7909 /* cef_base.h */,
				6DEA87621CC7D8F400AF7909 /* cef_browser.h */,
				6DEA87631CC7D8F400AF7909 /* cef_browser_process_handler.h */,
				6DEA87641CC7D8F400AF7909 /* cef_callback.h */,
				6DEA87651CC7D8F400AF7909 /* cef_client.h */,
				6DEA87661CC7D8F400AF7909 /* cef_command_line.h */,
				6DEA87671CC7D8F400AF7909 /* cef_context_menu_handler.h */,
				6DEA87681CC7D8F400AF7909 /* cef_cookie.h */,
				6DEA87691CC7D8F400AF7909 /* cef_dialog_handler.h */,
				6DEA876A1CC7D8F400AF7909 /* cef_display_handler.h */,
				6DEA876B1CC7D8F400AF7909 /* cef_dom.h */,
				6DEA876C1CC7D8F400AF7909 /* cef_download_handler.h */,
				6DEA876D1CC7D8F400AF7909 /* cef_download_item.h */,
				6DEA876E1CC7D8F400AF7909 /* cef_drag_data.h */,
				6DEA876F1CC7D8F400AF7909 /* cef_drag_handler.h */,
				6DEA87701CC7D8F400AF7909 /* cef_find_handler.h */,
				6DEA87711CC7D8F400AF7909 /* cef_focus_handler.h */,
				6DEA87721CC7D8F400AF7909 /* cef_frame.h */,
				6DEA87731CC7D8F400AF7909 /* cef_geolocation.h */,
				6DEA87741CC7D8F400AF7909 /* cef_geolocation_handler.h */,
				6DEA87751CC7D8F400AF7909 /* cef_jsdialog_handler.h */,
				6DEA87761CC7D8F400AF7909 /* cef_keyboard_handler.h */,
				6DEA87771CC7D8F400AF7909 /* cef_life_span_handler.h */,
				6DEA87781CC7D8F400AF7909 /* cef_load_handler.h */,
				6DEA87791CC7D8F400AF7909 /* cef_menu_model.h */,
				6DEA877A1CC7D8F400AF7909 /* cef_navigation_entry.h */,
				6DEA877B1CC7D8F400AF7909 /* cef_origin_whitelist.h */,
				6DEA877C1CC7D8F400AF7909 /* cef_pack_resources.h */,
				6DEA877D1CC7D8F400AF7909 /* cef_pack_strings.h */,
				6DEA877E1CC7D8F400AF7909 /* cef_parser.h */,
				6DEA877F1CC7D8F400AF7909 /* cef_path_util.h */,
				6DEA87801CC7D8F400AF7909 /* cef_print_handler.h */,
				6DEA87811CC7D8F400AF7909 /* cef_print_settings.h */,
				6DEA87821CC7D8F400AF7909 /* cef_process_message.h */,
				6DEA87831CC7D8F400AF7909 /* cef_process_util.h */,
				6DEA87841CC7D8F400AF7909 /* cef_render_handler.h */,
				6DEA87851CC7D8F400AF7909 /* cef_render_process_handler.h */,
				6DEA87861CC7D8F400AF7909 /* cef_request.h */,
				6DEA87871CC7D8F400AF7909 /* cef_request_context.h */,
				6DEA87881CC7D8F400AF7909 /* cef_request_context_handler.h */,
				6DEA87891CC7D8F400AF7909 /* cef_request_handler.h */,
				6DEA878A1CC7D8F400AF7909 /* cef_resource_bundle.h */,
				6DEA878B1CC7D8F400AF7909 /* cef_resource_bundle_handler.h */,
				6DEA878C1CC7D8F400AF7909 /* cef_resource_handler.h */,
				6DEA878D1CC7D8F400AF7909 /* cef_response.h */,
				6DEA878E1CC7D8F400AF7909 /* cef_response_filter.h */,
				6DEA878F1CC7D8F400AF7909 /* cef_scheme.h */,
				6DEA87901CC7D8F400AF7909 /* cef_ssl_info.h */,
				6DEA87911CC7D8F400AF7909 /* cef_stream.h */,
				6DEA87921CC7D8F400AF7909 /* cef_string_visitor.h */,
				6DEA87931CC7D8F400AF7909 /* cef_task.h */,
				6DEA87941CC7D8F400AF7909 /* cef_trace.h */,
				6DEA87951CC7D8F400AF7909 /* cef_urlrequest.h */,
				6DEA87961CC7D8F400AF7909 /* cef_v8.h */,
				6DEA87971CC7D8F400AF7909 /* cef_values.h */,
				6DEA87981CC7D8F400AF7909 /* cef_version.h */,
				6DEA87991CC7D8F400AF7909 /* cef_web_plugin.h */,
				6DEA879A1CC7D8F400AF7909 /* cef_xml_reader.h */,
				6DEA879B1CC7D8F400AF7909 /* cef_zip_reader.h */,
				6DEA879C1CC7D8F400AF7909 /* internal */,
				6DEA87AD1CC7D8F400AF7909 /* wrapper */,
			);
			name = include;
			path = CEF/include;
			sourceTree = "<group>";
		};
		6DEA87011CC7D8F400AF7909 /* base */ = {
			isa = PBXGroup;
			children = (
				6DEA87021CC7D8F400AF7909 /* cef_atomic_ref_count.h */,
				6DEA87031CC7D8F400AF7909 /* cef_atomicops.h */,
				6DEA87041CC7D8F400AF7909 /* cef_basictypes.h */,
				6DEA87051CC7D8F400AF7909 /* cef_bind.h */,
				6DEA87061CC7D8F400AF7909 /* cef_bind_helpers.h */,
				6DEA87071CC7D8F400AF7909 /* cef_build.h */,
				6DEA87081CC7D8F400AF7909 /* cef_callback.h */,
				6DEA87091CC7D8F400AF7909 /* cef_callback_forward.h */,
				6DEA870A1CC7D8F400AF7909 /* cef_callback_helpers.h */,
				6DEA870B1CC7D8F400AF7909 /* cef_callback_list.h */,
				6DEA870C1CC7D8F400AF7909 /* cef_cancelable_callback.h */,
				6DEA870D1CC7D8F400AF7909 /* cef_lock.h */,
				6DEA870E1CC7D8F400AF7909 /* cef_logging.h */,
				6DEA870F1CC7D8F400AF7909 /* cef_macros.h */,
				6DEA87101CC7D8F400AF7909 /* cef_move.h */,
				6DEA87111CC7D8F400AF7909 /* cef_platform_thread.h */,
				6DEA87121CC7D8F400AF7909 /* cef_ref_counted.h */,
				6DEA87131CC7D8F400AF7909 /* cef_scoped_ptr.h */,
				6DEA87141CC7D8F400AF7909 /* cef_string16.h */,
				6DEA87151CC7D8F400AF7909 /* cef_template_util.h */,
				6DEA87161CC7D8F400AF7909 /* cef_thread_checker.h */,
				6DEA87171CC7D8F400AF7909 /* cef_thread_collision_warner.h */,
				6DEA87181CC7D8F400AF7909 /* cef_trace_event.h */,
				6DEA87191CC7D8F400AF7909 /* cef_tuple.h */,
				6DEA871A1CC7D8F400AF7909 /* cef_weak_ptr.h */,
				6DEA871B1CC7D8F400AF7909 /* internal */,
			);
			path = base;
			sourceTree = "<group>";
		};
		6DEA871B1CC7D8F400AF7909 /* internal */ = {
			isa = PBXGroup;
			children = (
				6DEA871C1CC7D8F400AF7909 /* cef_atomicops_atomicword_compat.h */,
				6DEA871D1CC7D8F400AF7909 /* cef_atomicops_mac.h */,
				6DEA871E1CC7D8F400AF7909 /* cef_bind_internal.h */,
				6DEA871F1CC7D8F400AF7909 /* cef_callback_internal.h */,
				6DEA87201CC7D8F400AF7909 /* cef_lock_impl.h */,
				6DEA87211CC7D8F400AF7909 /* cef_raw_scoped_refptr_mismatch_checker.h */,
				6DEA87221CC7D8F400AF7909 /* cef_thread_checker_impl.h */,
			);
			path = internal;
			sourceTree = "<group>";
		};
		6DEA87231CC7D8F400AF7909 /* capi */ = {
			isa = PBXGroup;
			children = (
				6DEA87241CC7D8F400AF7909 /* cef_app_capi.h */,
				6DEA87251CC7D8F400AF7909 /* cef_auth_callback_capi.h */,
				6DEA87261CC7D8F400AF7909 /* cef_base_capi.h */,
				6DEA87271CC7D8F400AF7909 /* cef_browser_capi.h */,
				6DEA87281CC7D8F400AF7909 /* cef_browser_process_handler_capi.h */,
				6DEA87291CC7D8F400AF7909 /* cef_callback_capi.h */,
				6DEA872A1CC7D8F400AF7909 /* cef_client_capi.h */,
				6DEA872B1CC7D8F400AF7909 /* cef_command_line_capi.h */,
				6DEA872C1CC7D8F400AF7909 /* cef_context_menu_handler_capi.h */,
				6DEA872D1CC7D8F400AF7909 /* cef_cookie_capi.h */,
				6DEA872E1CC7D8F400AF7909 /* cef_dialog_handler_capi.h */,
				6DEA872F1CC7D8F400AF7909 /* cef_display_handler_capi.h */,
				6DEA87301CC7D8F400AF7909 /* cef_dom_capi.h */,
				6DEA87311CC7D8F400AF7909 /* cef_download_handler_capi.h */,
				6DEA87321CC7D8F400AF7909 /* cef_download_item_capi.h */,
				6DEA87331CC7D8F400AF7909 /* cef_drag_data_capi.h */,
				6DEA87341CC7D8F400AF7909 /* cef_drag_handler_capi.h */,
				6DEA87351CC7D8F400AF7909 /* cef_find_handler_capi.h */,
				6DEA87361CC7D8F400AF7909 /* cef_focus_handler_capi.h */,
				6DEA87371CC7D8F400AF7909 /* cef_frame_capi.h */,
				6DEA87381CC7D8F400AF7909 /* cef_geolocation_capi.h */,
				6DEA87391CC7D8F400AF7909 /* cef_geolocation_handler_capi.h */,
				6DEA873A1CC7D8F400AF7909 /* cef_jsdialog_handler_capi.h */,
				6DEA873B1CC7D8F400AF7909 /* cef_keyboard_handler_capi.h */,
				6DEA873C1CC7D8F400AF7909 /* cef_life_span_handler_capi.h */,
				6DEA873D1CC7D8F400AF7909 /* cef_load_handler_capi.h */,
				6DEA873E1CC7D8F400AF7909 /* cef_menu_model_capi.h */,
				6DEA873F1CC7D8F400AF7909 /* cef_navigation_entry_capi.h */,
				6DEA87401CC7D8F400AF7909 /* cef_origin_whitelist_capi.h */,
				6DEA87411CC7D8F400AF7909 /* cef_parser_capi.h */,
				6DEA87421CC7D8F400AF7909 /* cef_path_util_capi.h */,
				6DEA87431CC7D8F400AF7909 /* cef_print_handler_capi.h */,
				6DEA87441CC7D8F400AF7909 /* cef_print_settings_capi.h */,
				6DEA87451CC7D8F400AF7909 /* cef_process_message_capi.h */,
				6DEA87461CC7D8F400AF7909 /* cef_process_util_capi.h */,
				6DEA87471CC7D8F400AF7909 /* cef_render_handler_capi.h */,
				6DEA87481CC7D8F400AF7909 /* cef_render_process_handler_capi.h */,
				6DEA87491CC7D8F400AF7909 /* cef_request_capi.h */,
				6DEA874A1CC7D8F400AF7909 /* cef_request_context_capi.h */,
				6DEA874B1CC7D8F400AF7909 /* cef_request_context_handler_capi.h */,
				6DEA874C1CC7D8F400AF7909 /* cef_request_handler_capi.h */,
				6DEA874D1CC7D8F400AF7909 /* cef_resource_bundle_capi.h */,
				6DEA874E1CC7D8F400AF7909 /* cef_resource_bundle_handler_capi.h */,
				6DEA874F1CC7D8F400AF7909 /* cef_resource_handler_capi.h */,
				6DEA87501CC7D8F400AF7909 /* cef_response_capi.h */,
				6DEA87511CC7D8F400AF7909 /* cef_response_filter_capi.h */,
				6DEA87521CC7D8F400AF7909 /* cef_scheme_capi.h */,
				6DEA87531CC7D8F400AF7909 /* cef_ssl_info_capi.h */,
				6DEA87541CC7D8F400AF7909 /* cef_stream_capi.h */,
				6DEA87551CC7D8F400AF7909 /* cef_string_visitor_capi.h */,
				6DEA87561CC7D8F400AF7909 /* cef_task_capi.h */,
				6DEA87571CC7D8F400AF7909 /* cef_trace_capi.h */,
				6DEA87581CC7D8F400AF7909 /* cef_urlrequest_capi.h */,
				6DEA87591CC7D8F400AF7909 /* cef_v8_capi.h */,
				6DEA875A1CC7D8F400AF7909 /* cef_values_capi.h */,
				6DEA875B1CC7D8F400AF7909 /* cef_web_plugin_capi.h */,
				6DEA875C1CC7D8F400AF7909 /* cef_xml_reader_capi.h */,
				6DEA875D1CC7D8F400AF7909 /* cef_zip_reader_capi.h */,
			);
			path = capi;
			sourceTree = "<group>";
		};
		6DEA879C1CC7D8F400AF7909 /* internal */ = {
			isa = PBXGroup;
			children = (
				6DEA879D1CC7D8F400AF7909 /* cef_export.h */,
				6DEA879E1CC7D8F400AF7909 /* cef_logging_internal.h */,
				6DEA879F1CC7D8F400AF7909 /* cef_mac.h */,
				6DEA87A01CC7D8F400AF7909 /* cef_ptr.h */,
				6DEA87A11CC7D8F400AF7909 /* cef_string.h */,
				6DEA87A21CC7D8F400AF7909 /* cef_string_list.h */,
				6DEA87A31CC7D8F400AF7909 /* cef_string_map.h */,
				6DEA87A41CC7D8F400AF7909 /* cef_string_multimap.h */,
				6DEA87A51CC7D8F400AF7909 /* cef_string_types.h */,
				6DEA87A61CC7D8F400AF7909 /* cef_string_wrappers.h */,
				6DEA87A71CC7D8F400AF7909 /* cef_thread_internal.h */,
				6DEA87A81CC7D8F400AF7909 /* cef_time.h */,
				6DEA87A91CC7D8F400AF7909 /* cef_trace_event_internal.h */,
				6DEA87AA1CC7D8F400AF7909 /* cef_types.h */,
				6DEA87AB1CC7D8F400AF7909 /* cef_types_mac.h */,
				6DEA87AC1CC7D8F400AF7909 /* cef_types_wrappers.h */,
			);
			path = internal;
			sourceTree = "<group>";
		};
		6DEA87AD1CC7D8F400AF7909 /* wrapper */ = {
			isa = PBXGroup;
			children = (
				6DEA87AE1CC7D8F400AF7909 /* cef_byte_read_handler.h */,
				6DEA87AF1CC7D8F400AF7909 /* cef_closure_task.h */,
				6DEA87B01CC7D8F400AF7909 /* cef_helpers.h */,
				6DEA87B11CC7D8F400AF7909 /* cef_message_router.h */,
				6DEA87B21CC7D8F400AF7909 /* cef_resource_manager.h */,
				6DEA87B31CC7D8F400AF7909 /* cef_stream_resource_handler.h */,
				6DEA87B41CC7D8F400AF7909 /* cef_xml_object.h */,
				6DEA87B51CC7D8F400AF7909 /* cef_zip_archive.h */,
			);
			path = wrapper;
			sourceTree = "<group>";
		};
/* End PBXGroup section */

/* Begin PBXNativeTarget section */
		6DEA86E51CC7D76100AF7909 /* CEF_test */ = {
			isa = PBXNativeTarget;
			buildConfigurationList = 6DEA86FD1CC7D76100AF7909 /* Build configuration list for PBXNativeTarget "CEF_test" */;
			buildPhases = (
				6DEA86E21CC7D76100AF7909 /* Sources */,
				6DEA86E31CC7D76100AF7909 /* Frameworks */,
				6DEA86E41CC7D76100AF7909 /* Resources */,
			);
			buildRules = (
			);
			dependencies = (
			);
			name = CEF_test;
			productName = CEF_test;
			productReference = 6DEA86E61CC7D76100AF7909 /* CEF_test.app */;
			productType = "com.apple.product-type.application";
		};
/* End PBXNativeTarget section */

/* Begin PBXProject section */
		6DEA86DE1CC7D76100AF7909 /* Project object */ = {
			isa = PBXProject;
			attributes = {
				LastUpgradeCheck = 0730;
				ORGANIZATIONNAME = hidog;
				TargetAttributes = {
					6DEA86E51CC7D76100AF7909 = {
						CreatedOnToolsVersion = 7.3;
					};
				};
			};
			buildConfigurationList = 6DEA86E11CC7D76100AF7909 /* Build configuration list for PBXProject "CEF_test" */;
			compatibilityVersion = "Xcode 3.2";
			developmentRegion = English;
			hasScannedForEncodings = 0;
			knownRegions = (
				en,
				Base,
			);
			mainGroup = 6DEA86DD1CC7D76100AF7909;
			productRefGroup = 6DEA86E71CC7D76100AF7909 /* Products */;
			projectDirPath = "";
			projectRoot = "";
			targets = (
				6DEA86E51CC7D76100AF7909 /* CEF_test */,
			);
		};
/* End PBXProject section */

/* Begin PBXResourcesBuildPhase section */
		6DEA86E41CC7D76100AF7909 /* Resources */ = {
			isa = PBXResourcesBuildPhase;
			buildActionMask = 2147483647;
			files = (
				6DEA86F61CC7D76100AF7909 /* Assets.xcassets in Resources */,
				6DEA86F91CC7D76100AF7909 /* Main.storyboard in Resources */,
			);
			runOnlyForDeploymentPostprocessing = 0;
		};
/* End PBXResourcesBuildPhase section */

/* Begin PBXSourcesBuildPhase section */
		6DEA86E21CC7D76100AF7909 /* Sources */ = {
			isa = PBXSourcesBuildPhase;
			buildActionMask = 2147483647;
			files = (
				6DEA86EE1CC7D76100AF7909 /* main.mm in Sources */,
				6DEA86F41CC7D76100AF7909 /* CEF_test.xcdatamodeld in Sources */,
				6DEA86EB1CC7D76100AF7909 /* AppDelegate.mm in Sources */,
			);
			runOnlyForDeploymentPostprocessing = 0;
		};
/* End PBXSourcesBuildPhase section */

/* Begin PBXVariantGroup section */
		6DEA86F71CC7D76100AF7909 /* Main.storyboard */ = {
			isa = PBXVariantGroup;
			children = (
				6DEA86F81CC7D76100AF7909 /* Base */,
			);
			name = Main.storyboard;
			sourceTree = "<group>";
		};
/* End PBXVariantGroup section */

/* Begin XCBuildConfiguration section */
		6DEA86FB1CC7D76100AF7909 /* Debug */ = {
			isa = XCBuildConfiguration;
			buildSettings = {
				ALWAYS_SEARCH_USER_PATHS = NO;
				CLANG_ANALYZER_NONNULL = YES;
				CLANG_CXX_LANGUAGE_STANDARD = "gnu++0x";
				CLANG_CXX_LIBRARY = "libc++";
				CLANG_ENABLE_MODULES = YES;
				CLANG_ENABLE_OBJC_ARC = YES;
				CLANG_WARN_BOOL_CONVERSION = YES;
				CLANG_WARN_CONSTANT_CONVERSION = YES;
				CLANG_WARN_DIRECT_OBJC_ISA_USAGE = YES_ERROR;
				CLANG_WARN_EMPTY_BODY = YES;
				CLANG_WARN_ENUM_CONVERSION = YES;
				CLANG_WARN_INT_CONVERSION = YES;
				CLANG_WARN_OBJC_ROOT_CLASS = YES_ERROR;
				CLANG_WARN_UNREACHABLE_CODE = YES;
				CLANG_WARN__DUPLICATE_METHOD_MATCH = YES;
				CODE_SIGN_IDENTITY = "-";
				COPY_PHASE_STRIP = NO;
				DEBUG_INFORMATION_FORMAT = dwarf;
				ENABLE_STRICT_OBJC_MSGSEND = YES;
				ENABLE_TESTABILITY = YES;
				GCC_C_LANGUAGE_STANDARD = gnu99;
				GCC_DYNAMIC_NO_PIC = NO;
				GCC_NO_COMMON_BLOCKS = YES;
				GCC_OPTIMIZATION_LEVEL = 0;
				GCC_PREPROCESSOR_DEFINITIONS = (
					"DEBUG=1",
					"$(inherited)",
				);
				GCC_WARN_64_TO_32_BIT_CONVERSION = YES;
				GCC_WARN_ABOUT_RETURN_TYPE = YES_ERROR;
				GCC_WARN_UNDECLARED_SELECTOR = YES;
				GCC_WARN_UNINITIALIZED_AUTOS = YES_AGGRESSIVE;
				GCC_WARN_UNUSED_FUNCTION = YES;
				GCC_WARN_UNUSED_VARIABLE = YES;
				MACOSX_DEPLOYMENT_TARGET = 10.11;
				MTL_ENABLE_DEBUG_INFO = YES;
				ONLY_ACTIVE_ARCH = YES;
				SDKROOT = macosx;
			};
			name = Debug;
		};
		6DEA86FC1CC7D76100AF7909 /* Release */ = {
			isa = XCBuildConfiguration;
			buildSettings = {
				ALWAYS_SEARCH_USER_PATHS = NO;
				CLANG_ANALYZER_NONNULL = YES;
				CLANG_CXX_LANGUAGE_STANDARD = "gnu++0x";
				CLANG_CXX_LIBRARY = "libc++";
				CLANG_ENABLE_MODULES = YES;
				CLANG_ENABLE_OBJC_ARC = YES;
				CLANG_WARN_BOOL_CONVERSION = YES;
				CLANG_WARN_CONSTANT_CONVERSION = YES;
				CLANG_WARN_DIRECT_OBJC_ISA_USAGE = YES_ERROR;
				CLANG_WARN_EMPTY_BODY = YES;
				CLANG_WARN_ENUM_CONVERSION = YES;
				CLANG_WARN_INT_CONVERSION = YES;
				CLANG_WARN_OBJC_ROOT_CLASS = YES_ERROR;
				CLANG_WARN_UNREACHABLE_CODE = YES;
				CLANG_WARN__DUPLICATE_METHOD_MATCH = YES;
				CODE_SIGN_IDENTITY = "-";
				COPY_PHASE_STRIP = NO;
				DEBUG_INFORMATION_FORMAT = "dwarf-with-dsym";
				ENABLE_NS_ASSERTIONS = NO;
				ENABLE_STRICT_OBJC_MSGSEND = YES;
				GCC_C_LANGUAGE_STANDARD = gnu99;
				GCC_NO_COMMON_BLOCKS = YES;
				GCC_WARN_64_TO_32_BIT_CONVERSION = YES;
				GCC_WARN_ABOUT_RETURN_TYPE = YES_ERROR;
				GCC_WARN_UNDECLARED_SELECTOR = YES;
				GCC_WARN_UNINITIALIZED_AUTOS = YES_AGGRESSIVE;
				GCC_WARN_UNUSED_FUNCTION = YES;
				GCC_WARN_UNUSED_VARIABLE = YES;
				MACOSX_DEPLOYMENT_TARGET = 10.11;
				MTL_ENABLE_DEBUG_INFO = NO;
				SDKROOT = macosx;
			};
			name = Release;
		};
		6DEA86FE1CC7D76100AF7909 /* Debug */ = {
			isa = XCBuildConfiguration;
			buildSettings = {
				ASSETCATALOG_COMPILER_APPICON_NAME = AppIcon;
				COMBINE_HIDPI_IMAGES = YES;
				HEADER_SEARCH_PATHS = ./CEF_test/CEF/;
				INFOPLIST_FILE = CEF_test/Info.plist;
				LD_RUNPATH_SEARCH_PATHS = "$(inherited) @executable_path/../Frameworks";
				PRODUCT_BUNDLE_IDENTIFIER = "HiGit.CEF-test";
				PRODUCT_NAME = "$(TARGET_NAME)";
			};
			name = Debug;
		};
		6DEA86FF1CC7D76100AF7909 /* Release */ = {
			isa = XCBuildConfiguration;
			buildSettings = {
				ASSETCATALOG_COMPILER_APPICON_NAME = AppIcon;
				COMBINE_HIDPI_IMAGES = YES;
				HEADER_SEARCH_PATHS = ./CEF_test/CEF/;
				INFOPLIST_FILE = CEF_test/Info.plist;
				LD_RUNPATH_SEARCH_PATHS = "$(inherited) @executable_path/../Frameworks";
				PRODUCT_BUNDLE_IDENTIFIER = "HiGit.CEF-test";
				PRODUCT_NAME = "$(TARGET_NAME)";
			};
			name = Release;
		};
/* End XCBuildConfiguration section */

/* Begin XCConfigurationList section */
		6DEA86E11CC7D76100AF7909 /* Build configuration list for PBXProject "CEF_test" */ = {
			isa = XCConfigurationList;
			buildConfigurations = (
				6DEA86FB1CC7D76100AF7909 /* Debug */,
				6DEA86FC1CC7D76100AF7909 /* Release */,
			);
			defaultConfigurationIsVisible = 0;
			defaultConfigurationName = Release;
		};
		6DEA86FD1CC7D76100AF7909 /* Build configuration list for PBXNativeTarget "CEF_test" */ = {
			isa = XCConfigurationList;
			buildConfigurations = (
				6DEA86FE1CC7D76100AF7909 /* Debug */,
				6DEA86FF1CC7D76100AF7909 /* Release */,
			);
			defaultConfigurationIsVisible = 0;
		};
/* End XCConfigurationList section */

/* Begin XCVersionGroup section */
		6DEA86F21CC7D76100AF7909 /* CEF_test.xcdatamodeld */ = {
			isa = XCVersionGroup;
			children = (
				6DEA86F31CC7D76100AF7909 /* CEF_test.xcdatamodel */,
			);
			currentVersion = 6DEA86F31CC7D76100AF7909 /* CEF_test.xcdatamodel */;
			path = CEF_test.xcdatamodeld;
			sourceTree = "<group>";
			versionGroupType = wrapper.xcdatamodel;
		};
/* End XCVersionGroup section */
	};
	rootObject = 6DEA86DE1CC7D76100AF7909 /* Project object */;
}
